// !$*UTF8*$!
{
	archiveVersion = 1;
	classes = {
	};
	objectVersion = 45;
	objects = {

/* Begin PBXBuildFile section */
		36752B2C1093917100FF5627 /* al_time.cpp in Sources */ = {isa = PBXBuildFile; fileRef = 36C8FA5D10713737003EC91B /* al_time.cpp */; };
		36752B2D1093917100FF5627 /* al_mainloop.cpp in Sources */ = {isa = PBXBuildFile; fileRef = 36C8FA25107135F3003EC91B /* al_mainloop.cpp */; };
		36752B2E1093917100FF5627 /* al_mainloop_osx.mm in Sources */ = {isa = PBXBuildFile; fileRef = 36C8FA5F10713767003EC91B /* al_mainloop_osx.mm */; };
		36752B2F1093917500FF5627 /* al_time.h in Headers */ = {isa = PBXBuildFile; fileRef = 36D3291110926BE800E542CA /* al_time.h */; };
		36752B301093917500FF5627 /* al_mainloop.h in Headers */ = {isa = PBXBuildFile; fileRef = 36C8FA24107135E8003EC91B /* al_mainloop.h */; };
		36752B311093917500FF5627 /* al_time.hpp in Headers */ = {isa = PBXBuildFile; fileRef = 369568E8109382D700FD4312 /* al_time.hpp */; };
		36B7D786109783C20013EF88 /* al_config.h in Headers */ = {isa = PBXBuildFile; fileRef = 36B7D785109783C20013EF88 /* al_config.h */; };
		36F51E541093ECC40019CA9B /* libalsystem.a in Frameworks */ = {isa = PBXBuildFile; fileRef = 36752B291093915A00FF5627 /* libalsystem.a */; };
		36F51E551093ECC80019CA9B /* unitTest.cpp in Sources */ = {isa = PBXBuildFile; fileRef = 36F51E4C1093ECAB0019CA9B /* unitTest.cpp */; };
		36F51E5A1093ECDF0019CA9B /* al_thread.h in Headers */ = {isa = PBXBuildFile; fileRef = 36F51E591093ECDF0019CA9B /* al_thread.h */; };
		36F51EA31093F0DB0019CA9B /* Cocoa.framework in Frameworks */ = {isa = PBXBuildFile; fileRef = 36F51EA21093F0DB0019CA9B /* Cocoa.framework */; };
		36F51EAC1093F0E90019CA9B /* Cocoa.framework in Frameworks */ = {isa = PBXBuildFile; fileRef = 36F51EA21093F0DB0019CA9B /* Cocoa.framework */; };
/* End PBXBuildFile section */

/* Begin PBXContainerItemProxy section */
		36F51E561093ECCC0019CA9B /* PBXContainerItemProxy */ = {
			isa = PBXContainerItemProxy;
			containerPortal = 08FB7793FE84155DC02AAC07 /* Project object */;
			proxyType = 1;
			remoteGlobalIDString = 36752B281093915A00FF5627;
			remoteInfo = alsystem;
		};
/* End PBXContainerItemProxy section */

/* Begin PBXFileReference section */
		36752B291093915A00FF5627 /* libalsystem.a */ = {isa = PBXFileReference; explicitFileType = archive.ar; includeInIndex = 0; path = libalsystem.a; sourceTree = BUILT_PRODUCTS_DIR; };
		369568E8109382D700FD4312 /* al_time.hpp */ = {isa = PBXFileReference; fileEncoding = 4; lastKnownFileType = sourcecode.cpp.h; path = al_time.hpp; sourceTree = "<group>"; };
		36B7D785109783C20013EF88 /* al_config.h */ = {isa = PBXFileReference; fileEncoding = 4; lastKnownFileType = sourcecode.c.h; path = al_config.h; sourceTree = "<group>"; };
		36C8FA24107135E8003EC91B /* al_mainloop.h */ = {isa = PBXFileReference; fileEncoding = 4; lastKnownFileType = sourcecode.c.h; path = al_mainloop.h; sourceTree = "<group>"; };
		36C8FA25107135F3003EC91B /* al_mainloop.cpp */ = {isa = PBXFileReference; fileEncoding = 4; lastKnownFileType = sourcecode.cpp.cpp; path = al_mainloop.cpp; sourceTree = "<group>"; };
		36C8FA5D10713737003EC91B /* al_time.cpp */ = {isa = PBXFileReference; fileEncoding = 4; lastKnownFileType = sourcecode.cpp.cpp; path = al_time.cpp; sourceTree = "<group>"; };
		36C8FA5F10713767003EC91B /* al_mainloop_osx.mm */ = {isa = PBXFileReference; fileEncoding = 4; lastKnownFileType = sourcecode.cpp.objcpp; path = al_mainloop_osx.mm; sourceTree = "<group>"; };
		36D3291110926BE800E542CA /* al_time.h */ = {isa = PBXFileReference; fileEncoding = 4; lastKnownFileType = sourcecode.c.h; path = al_time.h; sourceTree = "<group>"; };
		36F51E4C1093ECAB0019CA9B /* unitTest.cpp */ = {isa = PBXFileReference; fileEncoding = 4; lastKnownFileType = sourcecode.cpp.cpp; path = unitTest.cpp; sourceTree = "<group>"; };
		36F51E501093ECB70019CA9B /* unitTest */ = {isa = PBXFileReference; explicitFileType = "compiled.mach-o.executable"; includeInIndex = 0; path = unitTest; sourceTree = BUILT_PRODUCTS_DIR; };
		36F51E591093ECDF0019CA9B /* al_thread.h */ = {isa = PBXFileReference; fileEncoding = 4; lastKnownFileType = sourcecode.c.h; path = al_thread.h; sourceTree = "<group>"; };
		36F51EA21093F0DB0019CA9B /* Cocoa.framework */ = {isa = PBXFileReference; lastKnownFileType = wrapper.framework; name = Cocoa.framework; path = /System/Library/Frameworks/Cocoa.framework; sourceTree = "<absolute>"; };
		C6859E8B029090EE04C91782 /* osx.1 */ = {isa = PBXFileReference; lastKnownFileType = text.man; path = osx.1; sourceTree = "<group>"; };
/* End PBXFileReference section */

/* Begin PBXFrameworksBuildPhase section */
		36752B271093915A00FF5627 /* Frameworks */ = {
			isa = PBXFrameworksBuildPhase;
			buildActionMask = 2147483647;
			files = (
				36F51EA31093F0DB0019CA9B /* Cocoa.framework in Frameworks */,
			);
			runOnlyForDeploymentPostprocessing = 0;
		};
		36F51E4E1093ECB70019CA9B /* Frameworks */ = {
			isa = PBXFrameworksBuildPhase;
			buildActionMask = 2147483647;
			files = (
				36F51EAC1093F0E90019CA9B /* Cocoa.framework in Frameworks */,
				36F51E541093ECC40019CA9B /* libalsystem.a in Frameworks */,
			);
			runOnlyForDeploymentPostprocessing = 0;
		};
/* End PBXFrameworksBuildPhase section */

/* Begin PBXGroup section */
		08FB7794FE84155DC02AAC07 /* osx */ = {
			isa = PBXGroup;
			children = (
				36C8FA22107135DE003EC91B /* system */,
				36C8FA23107135DE003EC91B /* src */,
				36F51E4B1093ECAB0019CA9B /* test */,
				36F51EA21093F0DB0019CA9B /* Cocoa.framework */,
				C6859E8C029090F304C91782 /* Documentation */,
				1AB674ADFE9D54B511CA2CBB /* Products */,
			);
			name = osx;
			sourceTree = "<group>";
		};
		1AB674ADFE9D54B511CA2CBB /* Products */ = {
			isa = PBXGroup;
			children = (
				36752B291093915A00FF5627 /* libalsystem.a */,
				36F51E501093ECB70019CA9B /* unitTest */,
			);
			name = Products;
			sourceTree = "<group>";
		};
		36C8FA22107135DE003EC91B /* system */ = {
			isa = PBXGroup;
			children = (
				36B7D785109783C20013EF88 /* al_config.h */,
				36C8FA24107135E8003EC91B /* al_mainloop.h */,
				36D3291110926BE800E542CA /* al_time.h */,
				369568E8109382D700FD4312 /* al_time.hpp */,
				36F51E591093ECDF0019CA9B /* al_thread.h */,
			);
			name = system;
			path = ../../include/system;
			sourceTree = SOURCE_ROOT;
		};
		36C8FA23107135DE003EC91B /* src */ = {
			isa = PBXGroup;
			children = (
				36C8FA5D10713737003EC91B /* al_time.cpp */,
				36C8FA25107135F3003EC91B /* al_mainloop.cpp */,
				36C8FA5F10713767003EC91B /* al_mainloop_osx.mm */,
			);
			name = src;
			path = ../../system/src;
			sourceTree = SOURCE_ROOT;
		};
		36F51E4B1093ECAB0019CA9B /* test */ = {
			isa = PBXGroup;
			children = (
				36F51E4C1093ECAB0019CA9B /* unitTest.cpp */,
			);
			name = test;
			path = ../../system/test;
			sourceTree = SOURCE_ROOT;
		};
		C6859E8C029090F304C91782 /* Documentation */ = {
			isa = PBXGroup;
			children = (
				C6859E8B029090EE04C91782 /* osx.1 */,
			);
			name = Documentation;
			sourceTree = "<group>";
		};
/* End PBXGroup section */

/* Begin PBXHeadersBuildPhase section */
		36752B251093915A00FF5627 /* Headers */ = {
			isa = PBXHeadersBuildPhase;
			buildActionMask = 2147483647;
			files = (
				36752B2F1093917500FF5627 /* al_time.h in Headers */,
				36752B301093917500FF5627 /* al_mainloop.h in Headers */,
				36752B311093917500FF5627 /* al_time.hpp in Headers */,
				36F51E5A1093ECDF0019CA9B /* al_thread.h in Headers */,
				36B7D786109783C20013EF88 /* al_config.h in Headers */,
			);
			runOnlyForDeploymentPostprocessing = 0;
		};
/* End PBXHeadersBuildPhase section */

/* Begin PBXNativeTarget section */
		36752B281093915A00FF5627 /* alsystem */ = {
			isa = PBXNativeTarget;
			buildConfigurationList = 36752B4B1093919600FF5627 /* Build configuration list for PBXNativeTarget "alsystem" */;
			buildPhases = (
				36752B251093915A00FF5627 /* Headers */,
				36752B261093915A00FF5627 /* Sources */,
				36752B271093915A00FF5627 /* Frameworks */,
			);
			buildRules = (
			);
			dependencies = (
			);
			name = alsystem;
			productName = alsystem;
			productReference = 36752B291093915A00FF5627 /* libalsystem.a */;
			productType = "com.apple.product-type.library.static";
		};
		36F51E4F1093ECB70019CA9B /* unitTest */ = {
			isa = PBXNativeTarget;
			buildConfigurationList = 36F51E5B1093ECDF0019CA9B /* Build configuration list for PBXNativeTarget "unitTest" */;
			buildPhases = (
				36F51E4D1093ECB70019CA9B /* Sources */,
				36F51E4E1093ECB70019CA9B /* Frameworks */,
			);
			buildRules = (
			);
			dependencies = (
				36F51E571093ECCC0019CA9B /* PBXTargetDependency */,
			);
			name = unitTest;
			productName = unitTest;
			productReference = 36F51E501093ECB70019CA9B /* unitTest */;
			productType = "com.apple.product-type.tool";
		};
/* End PBXNativeTarget section */

/* Begin PBXProject section */
		08FB7793FE84155DC02AAC07 /* Project object */ = {
			isa = PBXProject;
			buildConfigurationList = 1DEB923508733DC60010E9CD /* Build configuration list for PBXProject "osx" */;
			compatibilityVersion = "Xcode 3.1";
			hasScannedForEncodings = 1;
			mainGroup = 08FB7794FE84155DC02AAC07 /* osx */;
			projectDirPath = "";
			projectRoot = "";
			targets = (
				36752B281093915A00FF5627 /* alsystem */,
				36F51E4F1093ECB70019CA9B /* unitTest */,
			);
		};
/* End PBXProject section */

/* Begin PBXSourcesBuildPhase section */
		36752B261093915A00FF5627 /* Sources */ = {
			isa = PBXSourcesBuildPhase;
			buildActionMask = 2147483647;
			files = (
				36752B2C1093917100FF5627 /* al_time.cpp in Sources */,
				36752B2D1093917100FF5627 /* al_mainloop.cpp in Sources */,
				36752B2E1093917100FF5627 /* al_mainloop_osx.mm in Sources */,
			);
			runOnlyForDeploymentPostprocessing = 0;
		};
		36F51E4D1093ECB70019CA9B /* Sources */ = {
			isa = PBXSourcesBuildPhase;
			buildActionMask = 2147483647;
			files = (
				36F51E551093ECC80019CA9B /* unitTest.cpp in Sources */,
			);
			runOnlyForDeploymentPostprocessing = 0;
		};
/* End PBXSourcesBuildPhase section */

/* Begin PBXTargetDependency section */
		36F51E571093ECCC0019CA9B /* PBXTargetDependency */ = {
			isa = PBXTargetDependency;
			target = 36752B281093915A00FF5627 /* alsystem */;
			targetProxy = 36F51E561093ECCC0019CA9B /* PBXContainerItemProxy */;
		};
/* End PBXTargetDependency section */

/* Begin XCBuildConfiguration section */
		1DEB923608733DC60010E9CD /* Debug */ = {
			isa = XCBuildConfiguration;
			buildSettings = {
				ARCHS = "$(ARCHS_STANDARD_32_BIT)";
				GCC_C_LANGUAGE_STANDARD = c99;
				GCC_OPTIMIZATION_LEVEL = 0;
				GCC_WARN_ABOUT_RETURN_TYPE = YES;
				GCC_WARN_UNUSED_VARIABLE = YES;
				ONLY_ACTIVE_ARCH = YES;
				PREBINDING = NO;
				SDKROOT = macosx10.5;
			};
			name = Debug;
		};
		1DEB923708733DC60010E9CD /* Release */ = {
			isa = XCBuildConfiguration;
			buildSettings = {
				ARCHS = "$(ARCHS_STANDARD_32_BIT)";
				GCC_C_LANGUAGE_STANDARD = c99;
				GCC_WARN_ABOUT_RETURN_TYPE = YES;
				GCC_WARN_UNUSED_VARIABLE = YES;
				PREBINDING = NO;
				SDKROOT = macosx10.5;
			};
			name = Release;
		};
		36752B2A1093915B00FF5627 /* Debug */ = {
			isa = XCBuildConfiguration;
			buildSettings = {
				ALWAYS_SEARCH_USER_PATHS = NO;
				COPY_PHASE_STRIP = NO;
				GCC_DYNAMIC_NO_PIC = NO;
				GCC_ENABLE_FIX_AND_CONTINUE = YES;
				GCC_MODEL_TUNING = G5;
				GCC_OPTIMIZATION_LEVEL = 0;
				GENERATE_MASTER_OBJECT_FILE = YES;
				HEADER_SEARCH_PATHS = "";
				INSTALL_PATH = /usr/local/lib;
				PREBINDING = NO;
				PRODUCT_NAME = alsystem;
				STANDARD_C_PLUS_PLUS_LIBRARY_TYPE = static;
				SYMROOT = ../../build;
				USER_HEADER_SEARCH_PATHS = $PROJECT_DIR/../../include;
			};
			name = Debug;
		};
		36752B2B1093915B00FF5627 /* Release */ = {
			isa = XCBuildConfiguration;
			buildSettings = {
				ALWAYS_SEARCH_USER_PATHS = NO;
				COPY_PHASE_STRIP = YES;
				DEBUG_INFORMATION_FORMAT = "dwarf-with-dsym";
				GCC_ENABLE_FIX_AND_CONTINUE = NO;
				GCC_MODEL_TUNING = G5;
				GENERATE_MASTER_OBJECT_FILE = YES;
				HEADER_SEARCH_PATHS = "";
				INSTALL_PATH = /usr/local/lib;
				PREBINDING = NO;
				PRODUCT_NAME = alsystem;
				STANDARD_C_PLUS_PLUS_LIBRARY_TYPE = static;
				SYMROOT = ../../build;
				USER_HEADER_SEARCH_PATHS = $PROJECT_DIR/../../include;
				ZERO_LINK = NO;
			};
			name = Release;
		};
		36F51E521093ECB80019CA9B /* Debug */ = {
			isa = XCBuildConfiguration;
			buildSettings = {
				ALWAYS_SEARCH_USER_PATHS = NO;
				COPY_PHASE_STRIP = NO;
				FRAMEWORK_SEARCH_PATHS = "";
				GCC_DYNAMIC_NO_PIC = NO;
				GCC_ENABLE_FIX_AND_CONTINUE = YES;
				GCC_MODEL_TUNING = G5;
				GCC_OPTIMIZATION_LEVEL = 0;
				HEADER_SEARCH_PATHS = "";
				INSTALL_PATH = /usr/local/bin;
				LIBRARY_SEARCH_PATHS = "$(PRODUCT_DIR)/$(BUILD_DIR)/$CONFIGURATION/";
				PREBINDING = NO;
				PRODUCT_NAME = unitTest;
				SYMROOT = ../../build;
				USER_HEADER_SEARCH_PATHS = $PROJECT_DIR/../../include;
			};
			name = Debug;
		};
		36F51E531093ECB80019CA9B /* Release */ = {
			isa = XCBuildConfiguration;
			buildSettings = {
				ALWAYS_SEARCH_USER_PATHS = NO;
				COPY_PHASE_STRIP = YES;
				DEBUG_INFORMATION_FORMAT = "dwarf-with-dsym";
				FRAMEWORK_SEARCH_PATHS = "";
				GCC_ENABLE_FIX_AND_CONTINUE = NO;
				GCC_MODEL_TUNING = G5;
				HEADER_SEARCH_PATHS = "";
				INSTALL_PATH = /usr/local/bin;
				LIBRARY_SEARCH_PATHS = "$(PRODUCT_DIR)/$(BUILD_DIR)/$CONFIGURATION/";
				PREBINDING = NO;
				PRODUCT_NAME = unitTest;
				SYMROOT = ../../build;
				USER_HEADER_SEARCH_PATHS = $PROJECT_DIR/../../include;
				ZERO_LINK = NO;
			};
			name = Release;
		};
/* End XCBuildConfiguration section */

/* Begin XCConfigurationList section */
		1DEB923508733DC60010E9CD /* Build configuration list for PBXProject "osx" */ = {
			isa = XCConfigurationList;
			buildConfigurations = (
				1DEB923608733DC60010E9CD /* Debug */,
				1DEB923708733DC60010E9CD /* Release */,
			);
			defaultConfigurationIsVisible = 0;
			defaultConfigurationName = Release;
		};
		36752B4B1093919600FF5627 /* Build configuration list for PBXNativeTarget "alsystem" */ = {
			isa = XCConfigurationList;
			buildConfigurations = (
				36752B2A1093915B00FF5627 /* Debug */,
				36752B2B1093915B00FF5627 /* Release */,
			);
			defaultConfigurationIsVisible = 0;
			defaultConfigurationName = Release;
		};
		36F51E5B1093ECDF0019CA9B /* Build configuration list for PBXNativeTarget "unitTest" */ = {
			isa = XCConfigurationList;
			buildConfigurations = (
				36F51E521093ECB80019CA9B /* Debug */,
				36F51E531093ECB80019CA9B /* Release */,
			);
			defaultConfigurationIsVisible = 0;
			defaultConfigurationName = Release;
		};
/* End XCConfigurationList section */
	};
	rootObject = 08FB7793FE84155DC02AAC07 /* Project object */;
}
