// !$*UTF8*$!
{
	archiveVersion = 1;
	classes = {
	};
	objectVersion = 45;
	objects = {

/* Begin PBXBuildFile section */
		36F51E541093ECC40019CA9B /* libdelta.a in Frameworks */ = {isa = PBXBuildFile; fileRef = 36752B291093915A00FF5627 /* libdelta.a */; };
		36F51EAC1093F0E90019CA9B /* Cocoa.framework in Frameworks */ = {isa = PBXBuildFile; fileRef = 36F51EA21093F0DB0019CA9B /* Cocoa.framework */; };
		36F51F791093F81B0019CA9B /* libalsystem.a in Frameworks */ = {isa = PBXBuildFile; fileRef = 36F51F771093F8120019CA9B /* libalsystem.a */; };
		36F51F7D1093F88C0019CA9B /* delta_unitTest.cpp in Sources */ = {isa = PBXBuildFile; fileRef = 36F51F7C1093F88C0019CA9B /* delta_unitTest.cpp */; };
		36F51F841093F9480019CA9B /* delta.h in Headers */ = {isa = PBXBuildFile; fileRef = 36F51F831093F9480019CA9B /* delta.h */; };
		36F51F851093F94C0019CA9B /* delta.cpp in Sources */ = {isa = PBXBuildFile; fileRef = 36F51F811093F9410019CA9B /* delta.cpp */; };
		36F51FA81093F9FF0019CA9B /* libportaudio.a in Frameworks */ = {isa = PBXBuildFile; fileRef = 36F51FA71093F9FF0019CA9B /* libportaudio.a */; };
		36F520AB1094062A0019CA9B /* delta_tube.c in Sources */ = {isa = PBXBuildFile; fileRef = 36F520AA1094062A0019CA9B /* delta_tube.c */; };
		36F520AD1094064C0019CA9B /* delta_pq.c in Sources */ = {isa = PBXBuildFile; fileRef = 36F520AC1094064C0019CA9B /* delta_pq.c */; };
		36F520BF109407830019CA9B /* delta_proclist.c in Sources */ = {isa = PBXBuildFile; fileRef = 36F520BE109407830019CA9B /* delta_proclist.c */; };
		36F520C7109409420019CA9B /* delta_bus.c in Sources */ = {isa = PBXBuildFile; fileRef = 36F520C6109409420019CA9B /* delta_bus.c */; };
		36F5216E10940FE70019CA9B /* libalsystem.a in Frameworks */ = {isa = PBXBuildFile; fileRef = 36F51F771093F8120019CA9B /* libalsystem.a */; };
		36F5216F10940FE70019CA9B /* Cocoa.framework in Frameworks */ = {isa = PBXBuildFile; fileRef = 36F51EA21093F0DB0019CA9B /* Cocoa.framework */; };
		36F5217010940FE70019CA9B /* libdelta.a in Frameworks */ = {isa = PBXBuildFile; fileRef = 36752B291093915A00FF5627 /* libdelta.a */; };
		36F5217110940FE70019CA9B /* libportaudio.a in Frameworks */ = {isa = PBXBuildFile; fileRef = 36F51FA71093F9FF0019CA9B /* libportaudio.a */; };
		36F521781094101A0019CA9B /* delta_luaTest.cpp in Sources */ = {isa = PBXBuildFile; fileRef = 36F521771094101A0019CA9B /* delta_luaTest.cpp */; };
		36F5217A109410330019CA9B /* liblua.a in Frameworks */ = {isa = PBXBuildFile; fileRef = 36F52179109410330019CA9B /* liblua.a */; };
		36F5217E1094104C0019CA9B /* delta_lua.c in Sources */ = {isa = PBXBuildFile; fileRef = 36F520EE109409DA0019CA9B /* delta_lua.c */; };
		36F5217F1094104C0019CA9B /* delta_lua.cpp in Sources */ = {isa = PBXBuildFile; fileRef = 36F520F510940A7E0019CA9B /* delta_lua.cpp */; };
		36F5219B1094289F0019CA9B /* test_delta.lua in CopyFiles */ = {isa = PBXBuildFile; fileRef = 36F5219A1094289F0019CA9B /* test_delta.lua */; };
/* End PBXBuildFile section */

/* Begin PBXContainerItemProxy section */
		36F51E561093ECCC0019CA9B /* PBXContainerItemProxy */ = {
			isa = PBXContainerItemProxy;
			containerPortal = 08FB7793FE84155DC02AAC07 /* Project object */;
			proxyType = 1;
			remoteGlobalIDString = 36752B281093915A00FF5627;
			remoteInfo = alsystem;
		};
		36F5216A10940FE70019CA9B /* PBXContainerItemProxy */ = {
			isa = PBXContainerItemProxy;
			containerPortal = 08FB7793FE84155DC02AAC07 /* Project object */;
			proxyType = 1;
			remoteGlobalIDString = 36752B281093915A00FF5627;
			remoteInfo = alsystem;
		};
/* End PBXContainerItemProxy section */

/* Begin PBXCopyFilesBuildPhase section */
		36F521AA109428E60019CA9B /* CopyFiles */ = {
			isa = PBXCopyFilesBuildPhase;
			buildActionMask = 2147483647;
			dstPath = "";
			dstSubfolderSpec = 16;
			files = (
				36F5219B1094289F0019CA9B /* test_delta.lua in CopyFiles */,
			);
			runOnlyForDeploymentPostprocessing = 0;
		};
/* End PBXCopyFilesBuildPhase section */

/* Begin PBXFileReference section */
		36752B291093915A00FF5627 /* libdelta.a */ = {isa = PBXFileReference; explicitFileType = archive.ar; includeInIndex = 0; path = libdelta.a; sourceTree = BUILT_PRODUCTS_DIR; };
		369568E8109382D700FD4312 /* al_time_cpp.h */ = {isa = PBXFileReference; fileEncoding = 4; lastKnownFileType = sourcecode.c.h; path = al_time_cpp.h; sourceTree = "<group>"; };
		36C8FA24107135E8003EC91B /* al_mainloop.h */ = {isa = PBXFileReference; fileEncoding = 4; lastKnownFileType = sourcecode.c.h; path = al_mainloop.h; sourceTree = "<group>"; };
		36D3291110926BE800E542CA /* al_time.h */ = {isa = PBXFileReference; fileEncoding = 4; lastKnownFileType = sourcecode.c.h; path = al_time.h; sourceTree = "<group>"; };
		36F51E501093ECB70019CA9B /* delta_unitTest */ = {isa = PBXFileReference; explicitFileType = "compiled.mach-o.executable"; includeInIndex = 0; path = delta_unitTest; sourceTree = BUILT_PRODUCTS_DIR; };
		36F51E591093ECDF0019CA9B /* al_thread.h */ = {isa = PBXFileReference; fileEncoding = 4; lastKnownFileType = sourcecode.c.h; path = al_thread.h; sourceTree = "<group>"; };
		36F51EA21093F0DB0019CA9B /* Cocoa.framework */ = {isa = PBXFileReference; lastKnownFileType = wrapper.framework; name = Cocoa.framework; path = /System/Library/Frameworks/Cocoa.framework; sourceTree = "<absolute>"; };
		36F51F771093F8120019CA9B /* libalsystem.a */ = {isa = PBXFileReference; lastKnownFileType = archive.ar; name = libalsystem.a; path = ../../build/Release/libalsystem.a; sourceTree = SOURCE_ROOT; };
		36F51F7C1093F88C0019CA9B /* delta_unitTest.cpp */ = {isa = PBXFileReference; fileEncoding = 4; lastKnownFileType = sourcecode.cpp.cpp; path = delta_unitTest.cpp; sourceTree = "<group>"; };
		36F51F811093F9410019CA9B /* delta.cpp */ = {isa = PBXFileReference; fileEncoding = 4; lastKnownFileType = sourcecode.cpp.cpp; path = delta.cpp; sourceTree = "<group>"; };
		36F51F831093F9480019CA9B /* delta.h */ = {isa = PBXFileReference; fileEncoding = 4; lastKnownFileType = sourcecode.c.h; path = delta.h; sourceTree = "<group>"; };
		36F51FA71093F9FF0019CA9B /* libportaudio.a */ = {isa = PBXFileReference; lastKnownFileType = archive.ar; name = libportaudio.a; path = /usr/local/lib/libportaudio.a; sourceTree = "<absolute>"; };
		36F51FA91093FA120019CA9B /* portaudio.h */ = {isa = PBXFileReference; fileEncoding = 4; lastKnownFileType = sourcecode.c.h; name = portaudio.h; path = /usr/local/include/portaudio.h; sourceTree = "<absolute>"; };
		36F5206F1094056C0019CA9B /* delta_lua.h */ = {isa = PBXFileReference; fileEncoding = 4; lastKnownFileType = sourcecode.c.h; path = delta_lua.h; sourceTree = "<group>"; };
		36F520AA1094062A0019CA9B /* delta_tube.c */ = {isa = PBXFileReference; fileEncoding = 4; lastKnownFileType = sourcecode.c.c; path = delta_tube.c; sourceTree = "<group>"; };
		36F520AC1094064C0019CA9B /* delta_pq.c */ = {isa = PBXFileReference; fileEncoding = 4; lastKnownFileType = sourcecode.c.c; path = delta_pq.c; sourceTree = "<group>"; };
		36F520BE109407830019CA9B /* delta_proclist.c */ = {isa = PBXFileReference; fileEncoding = 4; lastKnownFileType = sourcecode.c.c; path = delta_proclist.c; sourceTree = "<group>"; };
		36F520C6109409420019CA9B /* delta_bus.c */ = {isa = PBXFileReference; fileEncoding = 4; lastKnownFileType = sourcecode.c.c; path = delta_bus.c; sourceTree = "<group>"; };
		36F520EE109409DA0019CA9B /* delta_lua.c */ = {isa = PBXFileReference; fileEncoding = 4; lastKnownFileType = sourcecode.c.c; path = delta_lua.c; sourceTree = "<group>"; };
		36F520F510940A7E0019CA9B /* delta_lua.cpp */ = {isa = PBXFileReference; fileEncoding = 4; lastKnownFileType = sourcecode.cpp.cpp; path = delta_lua.cpp; sourceTree = "<group>"; };
		36F5217510940FE70019CA9B /* delta_luaTest */ = {isa = PBXFileReference; explicitFileType = "compiled.mach-o.executable"; includeInIndex = 0; path = delta_luaTest; sourceTree = BUILT_PRODUCTS_DIR; };
		36F521771094101A0019CA9B /* delta_luaTest.cpp */ = {isa = PBXFileReference; fileEncoding = 4; lastKnownFileType = sourcecode.cpp.cpp; path = delta_luaTest.cpp; sourceTree = "<group>"; };
		36F52179109410330019CA9B /* liblua.a */ = {isa = PBXFileReference; lastKnownFileType = archive.ar; name = liblua.a; path = /usr/local/lib/liblua.a; sourceTree = "<absolute>"; };
		36F5217B109410430019CA9B /* lauxlib.h */ = {isa = PBXFileReference; fileEncoding = 4; lastKnownFileType = sourcecode.c.h; name = lauxlib.h; path = /usr/local/include/lauxlib.h; sourceTree = "<absolute>"; };
		36F5217C109410430019CA9B /* lua.h */ = {isa = PBXFileReference; fileEncoding = 4; lastKnownFileType = sourcecode.c.h; name = lua.h; path = /usr/local/include/lua.h; sourceTree = "<absolute>"; };
		36F5217D109410430019CA9B /* lualib.h */ = {isa = PBXFileReference; fileEncoding = 4; lastKnownFileType = sourcecode.c.h; name = lualib.h; path = /usr/local/include/lualib.h; sourceTree = "<absolute>"; };
		36F5219A1094289F0019CA9B /* test_delta.lua */ = {isa = PBXFileReference; fileEncoding = 4; lastKnownFileType = sourcecode.lua; path = test_delta.lua; sourceTree = "<group>"; };
		C6859E8B029090EE04C91782 /* osx.1 */ = {isa = PBXFileReference; lastKnownFileType = text.man; path = osx.1; sourceTree = "<group>"; };
/* End PBXFileReference section */

/* Begin PBXFrameworksBuildPhase section */
		36752B271093915A00FF5627 /* Frameworks */ = {
			isa = PBXFrameworksBuildPhase;
			buildActionMask = 2147483647;
			files = (
			);
			runOnlyForDeploymentPostprocessing = 0;
		};
		36F51E4E1093ECB70019CA9B /* Frameworks */ = {
			isa = PBXFrameworksBuildPhase;
			buildActionMask = 2147483647;
			files = (
				36F51F791093F81B0019CA9B /* libalsystem.a in Frameworks */,
				36F51EAC1093F0E90019CA9B /* Cocoa.framework in Frameworks */,
				36F51E541093ECC40019CA9B /* libdelta.a in Frameworks */,
				36F51FA81093F9FF0019CA9B /* libportaudio.a in Frameworks */,
			);
			runOnlyForDeploymentPostprocessing = 0;
		};
		36F5216D10940FE70019CA9B /* Frameworks */ = {
			isa = PBXFrameworksBuildPhase;
			buildActionMask = 2147483647;
			files = (
				36F5216E10940FE70019CA9B /* libalsystem.a in Frameworks */,
				36F5216F10940FE70019CA9B /* Cocoa.framework in Frameworks */,
				36F5217010940FE70019CA9B /* libdelta.a in Frameworks */,
				36F5217110940FE70019CA9B /* libportaudio.a in Frameworks */,
				36F5217A109410330019CA9B /* liblua.a in Frameworks */,
			);
			runOnlyForDeploymentPostprocessing = 0;
		};
/* End PBXFrameworksBuildPhase section */

/* Begin PBXGroup section */
		08FB7794FE84155DC02AAC07 /* osx */ = {
			isa = PBXGroup;
			children = (
				36F51F731093F7C40019CA9B /* delta */,
				36F51F6A1093F7A20019CA9B /* system */,
				36F51F761093F7F60019CA9B /* libraries */,
				C6859E8C029090F304C91782 /* Documentation */,
				1AB674ADFE9D54B511CA2CBB /* Products */,
			);
			name = osx;
			sourceTree = "<group>";
		};
		1AB674ADFE9D54B511CA2CBB /* Products */ = {
			isa = PBXGroup;
			children = (
				36752B291093915A00FF5627 /* libdelta.a */,
				36F51E501093ECB70019CA9B /* delta_unitTest */,
				36F5217510940FE70019CA9B /* delta_luaTest */,
			);
			name = Products;
			sourceTree = "<group>";
		};
		36C8FA22107135DE003EC91B /* include */ = {
			isa = PBXGroup;
			children = (
				36C8FA24107135E8003EC91B /* al_mainloop.h */,
				36D3291110926BE800E542CA /* al_time.h */,
				369568E8109382D700FD4312 /* al_time_cpp.h */,
				36F51E591093ECDF0019CA9B /* al_thread.h */,
			);
			name = include;
			path = ../../system/include;
			sourceTree = SOURCE_ROOT;
		};
		36F51F6A1093F7A20019CA9B /* system */ = {
			isa = PBXGroup;
			children = (
				36C8FA22107135DE003EC91B /* include */,
			);
			name = system;
			sourceTree = "<group>";
		};
		36F51F731093F7C40019CA9B /* delta */ = {
			isa = PBXGroup;
			children = (
				36F51F741093F7C40019CA9B /* include */,
				36F51F751093F7C40019CA9B /* src */,
				36F51F7B1093F87E0019CA9B /* test */,
			);
			name = delta;
			path = ../../delta;
			sourceTree = SOURCE_ROOT;
		};
		36F51F741093F7C40019CA9B /* include */ = {
			isa = PBXGroup;
			children = (
				36F51F831093F9480019CA9B /* delta.h */,
				36F5206F1094056C0019CA9B /* delta_lua.h */,
			);
			path = include;
			sourceTree = "<group>";
		};
		36F51F751093F7C40019CA9B /* src */ = {
			isa = PBXGroup;
			children = (
				36F51F811093F9410019CA9B /* delta.cpp */,
				36F520AA1094062A0019CA9B /* delta_tube.c */,
				36F520AC1094064C0019CA9B /* delta_pq.c */,
				36F520BE109407830019CA9B /* delta_proclist.c */,
				36F520C6109409420019CA9B /* delta_bus.c */,
				36F520EE109409DA0019CA9B /* delta_lua.c */,
				36F520F510940A7E0019CA9B /* delta_lua.cpp */,
			);
			path = src;
			sourceTree = "<group>";
		};
		36F51F761093F7F60019CA9B /* libraries */ = {
			isa = PBXGroup;
			children = (
				36F5217B109410430019CA9B /* lauxlib.h */,
				36F5217C109410430019CA9B /* lua.h */,
				36F5217D109410430019CA9B /* lualib.h */,
				36F52179109410330019CA9B /* liblua.a */,
				36F51FA91093FA120019CA9B /* portaudio.h */,
				36F51FA71093F9FF0019CA9B /* libportaudio.a */,
				36F51F771093F8120019CA9B /* libalsystem.a */,
				36F51EA21093F0DB0019CA9B /* Cocoa.framework */,
			);
			name = libraries;
			sourceTree = "<group>";
		};
		36F51F7B1093F87E0019CA9B /* test */ = {
			isa = PBXGroup;
			children = (
				36F51F7C1093F88C0019CA9B /* delta_unitTest.cpp */,
				36F521771094101A0019CA9B /* delta_luaTest.cpp */,
				36F5219A1094289F0019CA9B /* test_delta.lua */,
			);
			path = test;
			sourceTree = "<group>";
		};
		C6859E8C029090F304C91782 /* Documentation */ = {
			isa = PBXGroup;
			children = (
				C6859E8B029090EE04C91782 /* osx.1 */,
			);
			name = Documentation;
			sourceTree = "<group>";
		};
/* End PBXGroup section */

/* Begin PBXHeadersBuildPhase section */
		36752B251093915A00FF5627 /* Headers */ = {
			isa = PBXHeadersBuildPhase;
			buildActionMask = 2147483647;
			files = (
				36F51F841093F9480019CA9B /* delta.h in Headers */,
			);
			runOnlyForDeploymentPostprocessing = 0;
		};
/* End PBXHeadersBuildPhase section */

/* Begin PBXNativeTarget section */
		36752B281093915A00FF5627 /* delta */ = {
			isa = PBXNativeTarget;
			buildConfigurationList = 36752B4B1093919600FF5627 /* Build configuration list for PBXNativeTarget "delta" */;
			buildPhases = (
				36752B251093915A00FF5627 /* Headers */,
				36752B261093915A00FF5627 /* Sources */,
				36752B271093915A00FF5627 /* Frameworks */,
			);
			buildRules = (
			);
			dependencies = (
			);
			name = delta;
			productName = alsystem;
			productReference = 36752B291093915A00FF5627 /* libdelta.a */;
			productType = "com.apple.product-type.library.static";
		};
		36F51E4F1093ECB70019CA9B /* delta_unitTest */ = {
			isa = PBXNativeTarget;
			buildConfigurationList = 36F51E5B1093ECDF0019CA9B /* Build configuration list for PBXNativeTarget "delta_unitTest" */;
			buildPhases = (
				36F51E4D1093ECB70019CA9B /* Sources */,
				36F51E4E1093ECB70019CA9B /* Frameworks */,
			);
			buildRules = (
			);
			dependencies = (
				36F51E571093ECCC0019CA9B /* PBXTargetDependency */,
			);
			name = delta_unitTest;
			productName = unitTest;
			productReference = 36F51E501093ECB70019CA9B /* delta_unitTest */;
			productType = "com.apple.product-type.tool";
		};
		36F5216810940FE70019CA9B /* delta_luaTest */ = {
			isa = PBXNativeTarget;
			buildConfigurationList = 36F5217210940FE70019CA9B /* Build configuration list for PBXNativeTarget "delta_luaTest" */;
			buildPhases = (
				36F5216B10940FE70019CA9B /* Sources */,
				36F5216D10940FE70019CA9B /* Frameworks */,
				36F521AA109428E60019CA9B /* CopyFiles */,
			);
			buildRules = (
			);
			dependencies = (
				36F5216910940FE70019CA9B /* PBXTargetDependency */,
			);
			name = delta_luaTest;
			productName = unitTest;
			productReference = 36F5217510940FE70019CA9B /* delta_luaTest */;
			productType = "com.apple.product-type.tool";
		};
/* End PBXNativeTarget section */

/* Begin PBXProject section */
		08FB7793FE84155DC02AAC07 /* Project object */ = {
			isa = PBXProject;
			buildConfigurationList = 1DEB923508733DC60010E9CD /* Build configuration list for PBXProject "osx" */;
			compatibilityVersion = "Xcode 3.1";
			hasScannedForEncodings = 1;
			mainGroup = 08FB7794FE84155DC02AAC07 /* osx */;
			projectDirPath = "";
			projectRoot = "";
			targets = (
				36752B281093915A00FF5627 /* delta */,
				36F51E4F1093ECB70019CA9B /* delta_unitTest */,
				36F5216810940FE70019CA9B /* delta_luaTest */,
			);
		};
/* End PBXProject section */

/* Begin PBXSourcesBuildPhase section */
		36752B261093915A00FF5627 /* Sources */ = {
			isa = PBXSourcesBuildPhase;
			buildActionMask = 2147483647;
			files = (
				36F51F851093F94C0019CA9B /* delta.cpp in Sources */,
				36F520AB1094062A0019CA9B /* delta_tube.c in Sources */,
				36F520AD1094064C0019CA9B /* delta_pq.c in Sources */,
				36F520BF109407830019CA9B /* delta_proclist.c in Sources */,
				36F520C7109409420019CA9B /* delta_bus.c in Sources */,
			);
			runOnlyForDeploymentPostprocessing = 0;
		};
		36F51E4D1093ECB70019CA9B /* Sources */ = {
			isa = PBXSourcesBuildPhase;
			buildActionMask = 2147483647;
			files = (
				36F51F7D1093F88C0019CA9B /* delta_unitTest.cpp in Sources */,
			);
			runOnlyForDeploymentPostprocessing = 0;
		};
		36F5216B10940FE70019CA9B /* Sources */ = {
			isa = PBXSourcesBuildPhase;
			buildActionMask = 2147483647;
			files = (
				36F5217E1094104C0019CA9B /* delta_lua.c in Sources */,
				36F5217F1094104C0019CA9B /* delta_lua.cpp in Sources */,
				36F521781094101A0019CA9B /* delta_luaTest.cpp in Sources */,
			);
			runOnlyForDeploymentPostprocessing = 0;
		};
/* End PBXSourcesBuildPhase section */

/* Begin PBXTargetDependency section */
		36F51E571093ECCC0019CA9B /* PBXTargetDependency */ = {
			isa = PBXTargetDependency;
			target = 36752B281093915A00FF5627 /* delta */;
			targetProxy = 36F51E561093ECCC0019CA9B /* PBXContainerItemProxy */;
		};
		36F5216910940FE70019CA9B /* PBXTargetDependency */ = {
			isa = PBXTargetDependency;
			target = 36752B281093915A00FF5627 /* delta */;
			targetProxy = 36F5216A10940FE70019CA9B /* PBXContainerItemProxy */;
		};
/* End PBXTargetDependency section */

/* Begin XCBuildConfiguration section */
		1DEB923608733DC60010E9CD /* Debug */ = {
			isa = XCBuildConfiguration;
			buildSettings = {
				ARCHS = "$(ARCHS_STANDARD_32_BIT)";
				GCC_C_LANGUAGE_STANDARD = c99;
				GCC_OPTIMIZATION_LEVEL = 0;
				GCC_WARN_ABOUT_RETURN_TYPE = YES;
				GCC_WARN_UNUSED_VARIABLE = YES;
				ONLY_ACTIVE_ARCH = YES;
				PREBINDING = NO;
				SDKROOT = macosx10.5;
			};
			name = Debug;
		};
		1DEB923708733DC60010E9CD /* Release */ = {
			isa = XCBuildConfiguration;
			buildSettings = {
				ARCHS = "$(ARCHS_STANDARD_32_BIT)";
				GCC_C_LANGUAGE_STANDARD = c99;
				GCC_WARN_ABOUT_RETURN_TYPE = YES;
				GCC_WARN_UNUSED_VARIABLE = YES;
				PREBINDING = NO;
				SDKROOT = macosx10.5;
			};
			name = Release;
		};
		36752B2A1093915B00FF5627 /* Debug */ = {
			isa = XCBuildConfiguration;
			buildSettings = {
				ALWAYS_SEARCH_USER_PATHS = NO;
				COPY_PHASE_STRIP = NO;
				GCC_DYNAMIC_NO_PIC = NO;
				GCC_ENABLE_FIX_AND_CONTINUE = YES;
				GCC_MODEL_TUNING = G5;
				GCC_OPTIMIZATION_LEVEL = 0;
				GENERATE_MASTER_OBJECT_FILE = YES;
				HEADER_SEARCH_PATHS = /usr/local/include;
				INSTALL_PATH = /usr/local/lib;
				LIBRARY_SEARCH_PATHS = (
					"$(inherited)",
					"\"$(SRCROOT)/../../build/Release\"",
				);
				PREBINDING = NO;
				PRODUCT_NAME = $TARGET_NAME;
				SYMROOT = ../../build;
			};
			name = Debug;
		};
		36752B2B1093915B00FF5627 /* Release */ = {
			isa = XCBuildConfiguration;
			buildSettings = {
				ALWAYS_SEARCH_USER_PATHS = NO;
				COPY_PHASE_STRIP = YES;
				DEBUG_INFORMATION_FORMAT = "dwarf-with-dsym";
				GCC_ENABLE_FIX_AND_CONTINUE = NO;
				GCC_MODEL_TUNING = G5;
				HEADER_SEARCH_PATHS = /usr/local/include;
				INSTALL_PATH = /usr/local/lib;
				LIBRARY_SEARCH_PATHS = (
					"$(inherited)",
					"\"$(SRCROOT)/../../build/Release\"",
				);
				PREBINDING = NO;
				PRODUCT_NAME = alsystem;
				SYMROOT = ../../build;
				ZERO_LINK = NO;
			};
			name = Release;
		};
		36F51E521093ECB80019CA9B /* Debug */ = {
			isa = XCBuildConfiguration;
			buildSettings = {
				ALWAYS_SEARCH_USER_PATHS = NO;
				COPY_PHASE_STRIP = NO;
				FRAMEWORK_SEARCH_PATHS = "";
				GCC_DYNAMIC_NO_PIC = NO;
				GCC_ENABLE_FIX_AND_CONTINUE = YES;
				GCC_MODEL_TUNING = G5;
				GCC_OPTIMIZATION_LEVEL = 0;
				HEADER_SEARCH_PATHS = (
					/usr/local/include,
					$PROJECT_DIR/../../system/include,
				);
				INSTALL_PATH = /usr/local/bin;
				LIBRARY_SEARCH_PATHS = "$(PRODUCT_DIR)/$(BUILD_DIR)/$CONFIGURATION/";
				PREBINDING = NO;
				PRODUCT_NAME = $TARGET_NAME;
				SYMROOT = ../../build;
			};
			name = Debug;
		};
		36F51E531093ECB80019CA9B /* Release */ = {
			isa = XCBuildConfiguration;
			buildSettings = {
				ALWAYS_SEARCH_USER_PATHS = NO;
				COPY_PHASE_STRIP = YES;
				DEBUG_INFORMATION_FORMAT = "dwarf-with-dsym";
				FRAMEWORK_SEARCH_PATHS = "";
				GCC_ENABLE_FIX_AND_CONTINUE = NO;
				GCC_MODEL_TUNING = G5;
				HEADER_SEARCH_PATHS = (
					/usr/local/include,
					$PROJECT_DIR/../../system/include,
				);
				INSTALL_PATH = /usr/local/bin;
				LIBRARY_SEARCH_PATHS = "$(PRODUCT_DIR)/$(BUILD_DIR)/$CONFIGURATION/";
				PREBINDING = NO;
				PRODUCT_NAME = $TARGET_NAME;
				SYMROOT = ../../build;
				ZERO_LINK = NO;
			};
			name = Release;
		};
		36F5217310940FE70019CA9B /* Debug */ = {
			isa = XCBuildConfiguration;
			buildSettings = {
				ALWAYS_SEARCH_USER_PATHS = NO;
				COPY_PHASE_STRIP = NO;
				FRAMEWORK_SEARCH_PATHS = "";
				GCC_DYNAMIC_NO_PIC = NO;
				GCC_ENABLE_FIX_AND_CONTINUE = YES;
				GCC_MODEL_TUNING = G5;
				GCC_OPTIMIZATION_LEVEL = 0;
				HEADER_SEARCH_PATHS = (
					/usr/local/include,
					$PROJECT_DIR/../../delta/include,
					$PROJECT_DIR/../../system/include,
				);
				INSTALL_PATH = /usr/local/bin;
				LIBRARY_SEARCH_PATHS = "$(PRODUCT_DIR)/$(BUILD_DIR)/$CONFIGURATION/";
				PREBINDING = NO;
				PRODUCT_NAME = $TARGET_NAME;
				SYMROOT = ../../build;
			};
			name = Debug;
		};
		36F5217410940FE70019CA9B /* Release */ = {
			isa = XCBuildConfiguration;
			buildSettings = {
				ALWAYS_SEARCH_USER_PATHS = NO;
				COPY_PHASE_STRIP = YES;
				DEBUG_INFORMATION_FORMAT = "dwarf-with-dsym";
				FRAMEWORK_SEARCH_PATHS = "";
				GCC_ENABLE_FIX_AND_CONTINUE = NO;
				GCC_MODEL_TUNING = G5;
				HEADER_SEARCH_PATHS = (
					/usr/local/include,
					$PROJECT_DIR/../../delta/include,
					$PROJECT_DIR/../../system/include,
				);
				INSTALL_PATH = /usr/local/bin;
				LIBRARY_SEARCH_PATHS = "$(PRODUCT_DIR)/$(BUILD_DIR)/$CONFIGURATION/";
				PREBINDING = NO;
				PRODUCT_NAME = $TARGET_NAME;
				SYMROOT = ../../build;
				ZERO_LINK = NO;
			};
			name = Release;
		};
/* End XCBuildConfiguration section */

/* Begin XCConfigurationList section */
		1DEB923508733DC60010E9CD /* Build configuration list for PBXProject "osx" */ = {
			isa = XCConfigurationList;
			buildConfigurations = (
				1DEB923608733DC60010E9CD /* Debug */,
				1DEB923708733DC60010E9CD /* Release */,
			);
			defaultConfigurationIsVisible = 0;
			defaultConfigurationName = Release;
		};
		36752B4B1093919600FF5627 /* Build configuration list for PBXNativeTarget "delta" */ = {
			isa = XCConfigurationList;
			buildConfigurations = (
				36752B2A1093915B00FF5627 /* Debug */,
				36752B2B1093915B00FF5627 /* Release */,
			);
			defaultConfigurationIsVisible = 0;
			defaultConfigurationName = Release;
		};
		36F51E5B1093ECDF0019CA9B /* Build configuration list for PBXNativeTarget "delta_unitTest" */ = {
			isa = XCConfigurationList;
			buildConfigurations = (
				36F51E521093ECB80019CA9B /* Debug */,
				36F51E531093ECB80019CA9B /* Release */,
			);
			defaultConfigurationIsVisible = 0;
			defaultConfigurationName = Release;
		};
		36F5217210940FE70019CA9B /* Build configuration list for PBXNativeTarget "delta_luaTest" */ = {
			isa = XCConfigurationList;
			buildConfigurations = (
				36F5217310940FE70019CA9B /* Debug */,
				36F5217410940FE70019CA9B /* Release */,
			);
			defaultConfigurationIsVisible = 0;
			defaultConfigurationName = Release;
		};
/* End XCConfigurationList section */
	};
	rootObject = 08FB7793FE84155DC02AAC07 /* Project object */;
}
