// !$*UTF8*$!
{
	archiveVersion = 1;
	classes = {
	};
	objectVersion = 45;
	objects = {

/* Begin PBXBuildFile section */
		1D60589B0D05DD56006BFB54 /* main.m in Sources */ = {isa = PBXBuildFile; fileRef = 29B97316FDCFA39411CA2CEA /* main.m */; };
		1D60589F0D05DD5A006BFB54 /* Foundation.framework in Frameworks */ = {isa = PBXBuildFile; fileRef = 1D30AB110D05D00D00671497 /* Foundation.framework */; };
		1DF5F4E00D08C38300B7A737 /* UIKit.framework in Frameworks */ = {isa = PBXBuildFile; fileRef = 1DF5F4DF0D08C38300B7A737 /* UIKit.framework */; };
		2860E328111B887F00E27156 /* AppDelegate_Phone.m in Sources */ = {isa = PBXBuildFile; fileRef = 2860E326111B887F00E27156 /* AppDelegate_Phone.m */; };
		2860E329111B887F00E27156 /* MainWindow_Phone.xib in Resources */ = {isa = PBXBuildFile; fileRef = 2860E327111B887F00E27156 /* MainWindow_Phone.xib */; };
		2860E32E111B888700E27156 /* AppDelegate_Pad.m in Sources */ = {isa = PBXBuildFile; fileRef = 2860E32C111B888700E27156 /* AppDelegate_Pad.m */; };
		2860E32F111B888700E27156 /* MainWindow_Pad.xib in Resources */ = {isa = PBXBuildFile; fileRef = 2860E32D111B888700E27156 /* MainWindow_Pad.xib */; };
		288765FD0DF74451002DB57D /* CoreGraphics.framework in Frameworks */ = {isa = PBXBuildFile; fileRef = 288765FC0DF74451002DB57D /* CoreGraphics.framework */; };
		363E41BD1176B4DA00AA74DF /* alloGLViewController.mm in Sources */ = {isa = PBXBuildFile; fileRef = 363E41BC1176B4DA00AA74DF /* alloGLViewController.mm */; };
		363E41F71176B73000AA74DF /* liballocore.a in Frameworks */ = {isa = PBXBuildFile; fileRef = 363E41A11176B42200AA74DF /* liballocore.a */; };
		363E43231176BBD300AA74DF /* al_Graphics.cpp in Sources */ = {isa = PBXBuildFile; fileRef = 363E416D1176B40500AA74DF /* al_Graphics.cpp */; };
		363E43241176BBD300AA74DF /* al_GraphicsOpenGL.cpp in Sources */ = {isa = PBXBuildFile; fileRef = 363E416E1176B40500AA74DF /* al_GraphicsOpenGL.cpp */; };
		363E43251176BBD300AA74DF /* al_GraphicsOpenGLES1.cpp in Sources */ = {isa = PBXBuildFile; fileRef = 363E416F1176B40500AA74DF /* al_GraphicsOpenGLES1.cpp */; };
		363E43261176BBD300AA74DF /* al_GraphicsOpenGLES2.cpp in Sources */ = {isa = PBXBuildFile; fileRef = 363E41701176B40500AA74DF /* al_GraphicsOpenGLES2.cpp */; };
		363E43281176BBE700AA74DF /* OpenGLES.framework in Frameworks */ = {isa = PBXBuildFile; fileRef = 363E43271176BBE700AA74DF /* OpenGLES.framework */; };
		36CE037211778F6400650B45 /* alloGLView.mm in Sources */ = {isa = PBXBuildFile; fileRef = 36CE037111778F6400650B45 /* alloGLView.mm */; };
		36CE03C31177903D00650B45 /* QuartzCore.framework in Frameworks */ = {isa = PBXBuildFile; fileRef = 36CE03C21177903D00650B45 /* QuartzCore.framework */; };
		36CE04451177916D00650B45 /* ES1Renderer.m in Sources */ = {isa = PBXBuildFile; fileRef = 36CE04441177916D00650B45 /* ES1Renderer.m */; };
		36CE04481177917600650B45 /* ES2Renderer.m in Sources */ = {isa = PBXBuildFile; fileRef = 36CE04471177917600650B45 /* ES2Renderer.m */; };
		36CE0497117793DF00650B45 /* Shader.fsh in Resources */ = {isa = PBXBuildFile; fileRef = 36CE0496117793DF00650B45 /* Shader.fsh */; };
		36CE0499117793EA00650B45 /* Shader.vsh in Resources */ = {isa = PBXBuildFile; fileRef = 36CE0498117793EA00650B45 /* Shader.vsh */; };
/* End PBXBuildFile section */

/* Begin PBXContainerItemProxy section */
		363E41A41176B42700AA74DF /* PBXContainerItemProxy */ = {
			isa = PBXContainerItemProxy;
			containerPortal = 29B97313FDCFA39411CA2CEA /* Project object */;
			proxyType = 1;
			remoteGlobalIDString = 363E41A01176B42200AA74DF;
			remoteInfo = allocore;
		};
/* End PBXContainerItemProxy section */

/* Begin PBXFileReference section */
		1D30AB110D05D00D00671497 /* Foundation.framework */ = {isa = PBXFileReference; lastKnownFileType = wrapper.framework; name = Foundation.framework; path = System/Library/Frameworks/Foundation.framework; sourceTree = SDKROOT; };
		1D6058910D05DD3D006BFB54 /* allo.app */ = {isa = PBXFileReference; explicitFileType = wrapper.application; includeInIndex = 0; path = allo.app; sourceTree = BUILT_PRODUCTS_DIR; };
		1DF5F4DF0D08C38300B7A737 /* UIKit.framework */ = {isa = PBXFileReference; lastKnownFileType = wrapper.framework; name = UIKit.framework; path = System/Library/Frameworks/UIKit.framework; sourceTree = SDKROOT; };
		2860E325111B887F00E27156 /* AppDelegate_Phone.h */ = {isa = PBXFileReference; fileEncoding = 4; lastKnownFileType = sourcecode.c.h; path = AppDelegate_Phone.h; sourceTree = "<group>"; };
		2860E326111B887F00E27156 /* AppDelegate_Phone.m */ = {isa = PBXFileReference; fileEncoding = 4; lastKnownFileType = sourcecode.c.objc; path = AppDelegate_Phone.m; sourceTree = "<group>"; };
		2860E327111B887F00E27156 /* MainWindow_Phone.xib */ = {isa = PBXFileReference; lastKnownFileType = file.xib; path = MainWindow_Phone.xib; sourceTree = "<group>"; };
		2860E32B111B888700E27156 /* AppDelegate_Pad.h */ = {isa = PBXFileReference; fileEncoding = 4; lastKnownFileType = sourcecode.c.h; path = AppDelegate_Pad.h; sourceTree = "<group>"; };
		2860E32C111B888700E27156 /* AppDelegate_Pad.m */ = {isa = PBXFileReference; fileEncoding = 4; lastKnownFileType = sourcecode.c.objc; path = AppDelegate_Pad.m; sourceTree = "<group>"; };
		2860E32D111B888700E27156 /* MainWindow_Pad.xib */ = {isa = PBXFileReference; lastKnownFileType = file.xib; path = MainWindow_Pad.xib; sourceTree = "<group>"; };
		288765FC0DF74451002DB57D /* CoreGraphics.framework */ = {isa = PBXFileReference; lastKnownFileType = wrapper.framework; name = CoreGraphics.framework; path = System/Library/Frameworks/CoreGraphics.framework; sourceTree = SDKROOT; };
		29B97316FDCFA39411CA2CEA /* main.m */ = {isa = PBXFileReference; fileEncoding = 4; lastKnownFileType = sourcecode.c.objc; name = main.m; path = Shared/main.m; sourceTree = "<group>"; };
		32CA4F630368D1EE00C91783 /* allo_iPrefix.pch */ = {isa = PBXFileReference; fileEncoding = 4; lastKnownFileType = sourcecode.c.h; path = allo_iPrefix.pch; sourceTree = "<group>"; };
		363E41321176B40500AA74DF /* al_AudioIO.hpp */ = {isa = PBXFileReference; fileEncoding = 4; lastKnownFileType = sourcecode.cpp.h; path = al_AudioIO.hpp; sourceTree = "<group>"; };
		363E41331176B40500AA74DF /* al_File.hpp */ = {isa = PBXFileReference; fileEncoding = 4; lastKnownFileType = sourcecode.cpp.h; path = al_File.hpp; sourceTree = "<group>"; };
		363E41341176B40500AA74DF /* al_Socket.hpp */ = {isa = PBXFileReference; fileEncoding = 4; lastKnownFileType = sourcecode.cpp.h; path = al_Socket.hpp; sourceTree = "<group>"; };
		363E41351176B40500AA74DF /* al_WindowGL.hpp */ = {isa = PBXFileReference; fileEncoding = 4; lastKnownFileType = sourcecode.cpp.h; path = al_WindowGL.hpp; sourceTree = "<group>"; };
		363E41371176B40500AA74DF /* al_Complex.hpp */ = {isa = PBXFileReference; fileEncoding = 4; lastKnownFileType = sourcecode.cpp.h; path = al_Complex.hpp; sourceTree = "<group>"; };
		363E41381176B40500AA74DF /* al_Quat.h */ = {isa = PBXFileReference; fileEncoding = 4; lastKnownFileType = sourcecode.c.h; path = al_Quat.h; sourceTree = "<group>"; };
		363E41391176B40500AA74DF /* al_Quat.hpp */ = {isa = PBXFileReference; fileEncoding = 4; lastKnownFileType = sourcecode.cpp.h; path = al_Quat.hpp; sourceTree = "<group>"; };
		363E413A1176B40500AA74DF /* al_Vec.hpp */ = {isa = PBXFileReference; fileEncoding = 4; lastKnownFileType = sourcecode.cpp.h; path = al_Vec.hpp; sourceTree = "<group>"; };
		363E413C1176B40500AA74DF /* al_Graphics.hpp */ = {isa = PBXFileReference; fileEncoding = 4; lastKnownFileType = sourcecode.cpp.h; path = al_Graphics.hpp; sourceTree = "<group>"; };
		363E413D1176B40500AA74DF /* al_OSC.hpp */ = {isa = PBXFileReference; fileEncoding = 4; lastKnownFileType = sourcecode.cpp.h; path = al_OSC.hpp; sourceTree = "<group>"; };
		363E413E1176B40500AA74DF /* al_OSCAPR.hpp */ = {isa = PBXFileReference; fileEncoding = 4; lastKnownFileType = sourcecode.cpp.h; path = al_OSCAPR.hpp; sourceTree = "<group>"; };
		363E413F1176B40500AA74DF /* al_Serialize.h */ = {isa = PBXFileReference; fileEncoding = 4; lastKnownFileType = sourcecode.c.h; path = al_Serialize.h; sourceTree = "<group>"; };
		363E41401176B40500AA74DF /* al_Serialize.hpp */ = {isa = PBXFileReference; fileEncoding = 4; lastKnownFileType = sourcecode.cpp.h; path = al_Serialize.hpp; sourceTree = "<group>"; };
		363E41431176B40500AA74DF /* IpEndpointName.h */ = {isa = PBXFileReference; fileEncoding = 4; lastKnownFileType = sourcecode.c.h; path = IpEndpointName.h; sourceTree = "<group>"; };
		363E41441176B40500AA74DF /* NetworkingUtils.h */ = {isa = PBXFileReference; fileEncoding = 4; lastKnownFileType = sourcecode.c.h; path = NetworkingUtils.h; sourceTree = "<group>"; };
		363E41451176B40500AA74DF /* PacketListener.h */ = {isa = PBXFileReference; fileEncoding = 4; lastKnownFileType = sourcecode.c.h; path = PacketListener.h; sourceTree = "<group>"; };
		363E41461176B40500AA74DF /* TimerListener.h */ = {isa = PBXFileReference; fileEncoding = 4; lastKnownFileType = sourcecode.c.h; path = TimerListener.h; sourceTree = "<group>"; };
		363E41471176B40500AA74DF /* UdpSocket.h */ = {isa = PBXFileReference; fileEncoding = 4; lastKnownFileType = sourcecode.c.h; path = UdpSocket.h; sourceTree = "<group>"; };
		363E41491176B40500AA74DF /* MessageMappingOscPacketListener.h */ = {isa = PBXFileReference; fileEncoding = 4; lastKnownFileType = sourcecode.c.h; path = MessageMappingOscPacketListener.h; sourceTree = "<group>"; };
		363E414A1176B40500AA74DF /* OscException.h */ = {isa = PBXFileReference; fileEncoding = 4; lastKnownFileType = sourcecode.c.h; path = OscException.h; sourceTree = "<group>"; };
		363E414B1176B40500AA74DF /* OscHostEndianness.h */ = {isa = PBXFileReference; fileEncoding = 4; lastKnownFileType = sourcecode.c.h; path = OscHostEndianness.h; sourceTree = "<group>"; };
		363E414C1176B40500AA74DF /* OscOutboundPacketStream.h */ = {isa = PBXFileReference; fileEncoding = 4; lastKnownFileType = sourcecode.c.h; path = OscOutboundPacketStream.h; sourceTree = "<group>"; };
		363E414D1176B40500AA74DF /* OscPacketListener.h */ = {isa = PBXFileReference; fileEncoding = 4; lastKnownFileType = sourcecode.c.h; path = OscPacketListener.h; sourceTree = "<group>"; };
		363E414E1176B40500AA74DF /* OscPrintReceivedElements.h */ = {isa = PBXFileReference; fileEncoding = 4; lastKnownFileType = sourcecode.c.h; path = OscPrintReceivedElements.h; sourceTree = "<group>"; };
		363E414F1176B40500AA74DF /* OscReceivedElements.h */ = {isa = PBXFileReference; fileEncoding = 4; lastKnownFileType = sourcecode.c.h; path = OscReceivedElements.h; sourceTree = "<group>"; };
		363E41501176B40500AA74DF /* OscTypes.h */ = {isa = PBXFileReference; fileEncoding = 4; lastKnownFileType = sourcecode.c.h; path = OscTypes.h; sourceTree = "<group>"; };
		363E41521176B40500AA74DF /* al_Config.h */ = {isa = PBXFileReference; fileEncoding = 4; lastKnownFileType = sourcecode.c.h; path = al_Config.h; sourceTree = "<group>"; };
		363E41531176B40500AA74DF /* al_MainLoop.h */ = {isa = PBXFileReference; fileEncoding = 4; lastKnownFileType = sourcecode.c.h; path = al_MainLoop.h; sourceTree = "<group>"; };
		363E41541176B40500AA74DF /* al_Thread.h */ = {isa = PBXFileReference; fileEncoding = 4; lastKnownFileType = sourcecode.c.h; path = al_Thread.h; sourceTree = "<group>"; };
		363E41551176B40500AA74DF /* al_Thread.hpp */ = {isa = PBXFileReference; fileEncoding = 4; lastKnownFileType = sourcecode.cpp.h; path = al_Thread.hpp; sourceTree = "<group>"; };
		363E41561176B40500AA74DF /* al_Time.h */ = {isa = PBXFileReference; fileEncoding = 4; lastKnownFileType = sourcecode.c.h; path = al_Time.h; sourceTree = "<group>"; };
		363E41571176B40500AA74DF /* al_Time.hpp */ = {isa = PBXFileReference; fileEncoding = 4; lastKnownFileType = sourcecode.cpp.h; path = al_Time.hpp; sourceTree = "<group>"; };
		363E41581176B40500AA74DF /* pstdint.h */ = {isa = PBXFileReference; fileEncoding = 4; lastKnownFileType = sourcecode.c.h; path = pstdint.h; sourceTree = "<group>"; };
		363E415A1176B40500AA74DF /* al_Buffer.hpp */ = {isa = PBXFileReference; fileEncoding = 4; lastKnownFileType = sourcecode.cpp.h; path = al_Buffer.hpp; sourceTree = "<group>"; };
		363E415B1176B40500AA74DF /* al_Color.hpp */ = {isa = PBXFileReference; fileEncoding = 4; lastKnownFileType = sourcecode.cpp.h; path = al_Color.hpp; sourceTree = "<group>"; };
		363E415C1176B40500AA74DF /* al_pq.h */ = {isa = PBXFileReference; fileEncoding = 4; lastKnownFileType = sourcecode.c.h; path = al_pq.h; sourceTree = "<group>"; };
		363E415D1176B40500AA74DF /* al_pq.hpp */ = {isa = PBXFileReference; fileEncoding = 4; lastKnownFileType = sourcecode.cpp.h; path = al_pq.hpp; sourceTree = "<group>"; };
		363E415E1176B40500AA74DF /* al_socktube.h */ = {isa = PBXFileReference; fileEncoding = 4; lastKnownFileType = sourcecode.c.h; path = al_socktube.h; sourceTree = "<group>"; };
		363E415F1176B40500AA74DF /* al_tube.h */ = {isa = PBXFileReference; fileEncoding = 4; lastKnownFileType = sourcecode.c.h; path = al_tube.h; sourceTree = "<group>"; };
		363E41601176B40500AA74DF /* al_tube.hpp */ = {isa = PBXFileReference; fileEncoding = 4; lastKnownFileType = sourcecode.cpp.h; path = al_tube.hpp; sourceTree = "<group>"; };
		363E41611176B40500AA74DF /* al_types.h */ = {isa = PBXFileReference; fileEncoding = 4; lastKnownFileType = sourcecode.c.h; path = al_types.h; sourceTree = "<group>"; };
		363E41621176B40500AA74DF /* al_types.hpp */ = {isa = PBXFileReference; fileEncoding = 4; lastKnownFileType = sourcecode.cpp.h; path = al_types.hpp; sourceTree = "<group>"; };
		363E41631176B40500AA74DF /* al_VectorBuffer.hpp */ = {isa = PBXFileReference; fileEncoding = 4; lastKnownFileType = sourcecode.cpp.h; path = al_VectorBuffer.hpp; sourceTree = "<group>"; };
		363E41661176B40500AA74DF /* al_AudioIO.cpp */ = {isa = PBXFileReference; fileEncoding = 4; lastKnownFileType = sourcecode.cpp.cpp; path = al_AudioIO.cpp; sourceTree = "<group>"; };
		363E41671176B40500AA74DF /* al_File.cpp */ = {isa = PBXFileReference; fileEncoding = 4; lastKnownFileType = sourcecode.cpp.cpp; path = al_File.cpp; sourceTree = "<group>"; };
		363E41681176B40500AA74DF /* al_Socket.cpp */ = {isa = PBXFileReference; fileEncoding = 4; lastKnownFileType = sourcecode.cpp.cpp; path = al_Socket.cpp; sourceTree = "<group>"; };
		363E41691176B40500AA74DF /* al_WindowGL.cpp */ = {isa = PBXFileReference; fileEncoding = 4; lastKnownFileType = sourcecode.cpp.cpp; path = al_WindowGL.cpp; sourceTree = "<group>"; };
		363E416A1176B40500AA74DF /* al_WindowGLUT.cpp */ = {isa = PBXFileReference; fileEncoding = 4; lastKnownFileType = sourcecode.cpp.cpp; path = al_WindowGLUT.cpp; sourceTree = "<group>"; };
		363E416B1176B40500AA74DF /* Makefile.config */ = {isa = PBXFileReference; fileEncoding = 4; lastKnownFileType = text; path = Makefile.config; sourceTree = "<group>"; };
		363E416D1176B40500AA74DF /* al_Graphics.cpp */ = {isa = PBXFileReference; fileEncoding = 4; lastKnownFileType = sourcecode.cpp.cpp; path = al_Graphics.cpp; sourceTree = "<group>"; };
		363E416E1176B40500AA74DF /* al_GraphicsOpenGL.cpp */ = {isa = PBXFileReference; fileEncoding = 4; lastKnownFileType = sourcecode.cpp.cpp; path = al_GraphicsOpenGL.cpp; sourceTree = "<group>"; };
		363E416F1176B40500AA74DF /* al_GraphicsOpenGLES1.cpp */ = {isa = PBXFileReference; fileEncoding = 4; lastKnownFileType = sourcecode.cpp.cpp; path = al_GraphicsOpenGLES1.cpp; sourceTree = "<group>"; };
		363E41701176B40500AA74DF /* al_GraphicsOpenGLES2.cpp */ = {isa = PBXFileReference; fileEncoding = 4; lastKnownFileType = sourcecode.cpp.cpp; path = al_GraphicsOpenGLES2.cpp; sourceTree = "<group>"; };
		363E41711176B40500AA74DF /* al_OSC.cpp */ = {isa = PBXFileReference; fileEncoding = 4; lastKnownFileType = sourcecode.cpp.cpp; path = al_OSC.cpp; sourceTree = "<group>"; };
		363E41721176B40500AA74DF /* al_OSCAPR.cpp */ = {isa = PBXFileReference; fileEncoding = 4; lastKnownFileType = sourcecode.cpp.cpp; path = al_OSCAPR.cpp; sourceTree = "<group>"; };
		363E41731176B40500AA74DF /* al_Serialize.cpp */ = {isa = PBXFileReference; fileEncoding = 4; lastKnownFileType = sourcecode.cpp.cpp; path = al_Serialize.cpp; sourceTree = "<group>"; };
		363E41741176B40500AA74DF /* Makefile.config */ = {isa = PBXFileReference; fileEncoding = 4; lastKnownFileType = text; path = Makefile.config; sourceTree = "<group>"; };
		363E41761176B40500AA74DF /* IpEndpointName.cpp */ = {isa = PBXFileReference; fileEncoding = 4; lastKnownFileType = sourcecode.cpp.cpp; path = IpEndpointName.cpp; sourceTree = "<group>"; };
		363E41771176B40500AA74DF /* OscOutboundPacketStream.cpp */ = {isa = PBXFileReference; fileEncoding = 4; lastKnownFileType = sourcecode.cpp.cpp; path = OscOutboundPacketStream.cpp; sourceTree = "<group>"; };
		363E41781176B40500AA74DF /* OscPrintReceivedElements.cpp */ = {isa = PBXFileReference; fileEncoding = 4; lastKnownFileType = sourcecode.cpp.cpp; path = OscPrintReceivedElements.cpp; sourceTree = "<group>"; };
		363E41791176B40500AA74DF /* OscReceivedElements.cpp */ = {isa = PBXFileReference; fileEncoding = 4; lastKnownFileType = sourcecode.cpp.cpp; path = OscReceivedElements.cpp; sourceTree = "<group>"; };
		363E417A1176B40500AA74DF /* OscTypes.cpp */ = {isa = PBXFileReference; fileEncoding = 4; lastKnownFileType = sourcecode.cpp.cpp; path = OscTypes.cpp; sourceTree = "<group>"; };
		363E417C1176B40500AA74DF /* NetworkingUtils.cpp */ = {isa = PBXFileReference; fileEncoding = 4; lastKnownFileType = sourcecode.cpp.cpp; path = NetworkingUtils.cpp; sourceTree = "<group>"; };
		363E417D1176B40500AA74DF /* UdpSocket.cpp */ = {isa = PBXFileReference; fileEncoding = 4; lastKnownFileType = sourcecode.cpp.cpp; path = UdpSocket.cpp; sourceTree = "<group>"; };
		363E417F1176B40500AA74DF /* NetworkingUtils.cpp */ = {isa = PBXFileReference; fileEncoding = 4; lastKnownFileType = sourcecode.cpp.cpp; path = NetworkingUtils.cpp; sourceTree = "<group>"; };
		363E41801176B40500AA74DF /* UdpSocket.cpp */ = {isa = PBXFileReference; fileEncoding = 4; lastKnownFileType = sourcecode.cpp.cpp; path = UdpSocket.cpp; sourceTree = "<group>"; };
		363E41821176B40500AA74DF /* al_Config.cpp */ = {isa = PBXFileReference; fileEncoding = 4; lastKnownFileType = sourcecode.cpp.cpp; path = al_Config.cpp; sourceTree = "<group>"; };
		363E41831176B40500AA74DF /* al_MainLoop.cpp */ = {isa = PBXFileReference; fileEncoding = 4; lastKnownFileType = sourcecode.cpp.cpp; path = al_MainLoop.cpp; sourceTree = "<group>"; };
		363E41841176B40500AA74DF /* al_MainLoopOSX.mm */ = {isa = PBXFileReference; fileEncoding = 4; lastKnownFileType = sourcecode.cpp.objcpp; path = al_MainLoopOSX.mm; sourceTree = "<group>"; };
		363E41851176B40500AA74DF /* al_Time.cpp */ = {isa = PBXFileReference; fileEncoding = 4; lastKnownFileType = sourcecode.cpp.cpp; path = al_Time.cpp; sourceTree = "<group>"; };
		363E41861176B40500AA74DF /* al_TimeAPR.cpp */ = {isa = PBXFileReference; fileEncoding = 4; lastKnownFileType = sourcecode.cpp.cpp; path = al_TimeAPR.cpp; sourceTree = "<group>"; };
		363E41871176B40500AA74DF /* Makefile.config */ = {isa = PBXFileReference; fileEncoding = 4; lastKnownFileType = text; path = Makefile.config; sourceTree = "<group>"; };
		363E41891176B40500AA74DF /* al_Color.cpp */ = {isa = PBXFileReference; fileEncoding = 4; lastKnownFileType = sourcecode.cpp.cpp; path = al_Color.cpp; sourceTree = "<group>"; };
		363E418A1176B40500AA74DF /* al_msg.cpp */ = {isa = PBXFileReference; fileEncoding = 4; lastKnownFileType = sourcecode.cpp.cpp; path = al_msg.cpp; sourceTree = "<group>"; };
		363E418B1176B40500AA74DF /* al_quat.cpp */ = {isa = PBXFileReference; fileEncoding = 4; lastKnownFileType = sourcecode.cpp.cpp; path = al_quat.cpp; sourceTree = "<group>"; };
		363E418C1176B40500AA74DF /* al_socktube.c */ = {isa = PBXFileReference; fileEncoding = 4; lastKnownFileType = sourcecode.c.c; path = al_socktube.c; sourceTree = "<group>"; };
		363E418D1176B40500AA74DF /* Makefile.config */ = {isa = PBXFileReference; fileEncoding = 4; lastKnownFileType = text; path = Makefile.config; sourceTree = "<group>"; };
		363E418F1176B40500AA74DF /* test.c */ = {isa = PBXFileReference; fileEncoding = 4; lastKnownFileType = sourcecode.c.c; path = test.c; sourceTree = "<group>"; };
		363E41901176B40500AA74DF /* test.cpp */ = {isa = PBXFileReference; fileEncoding = 4; lastKnownFileType = sourcecode.cpp.cpp; path = test.cpp; sourceTree = "<group>"; };
		363E41911176B40500AA74DF /* test_portaudio.c */ = {isa = PBXFileReference; fileEncoding = 4; lastKnownFileType = sourcecode.c.c; path = test_portaudio.c; sourceTree = "<group>"; };
		363E41931176B40500AA74DF /* Makefile */ = {isa = PBXFileReference; fileEncoding = 4; lastKnownFileType = sourcecode.make; path = Makefile; sourceTree = "<group>"; };
		363E41941176B40500AA74DF /* utAllocore.cpp */ = {isa = PBXFileReference; fileEncoding = 4; lastKnownFileType = sourcecode.cpp.cpp; path = utAllocore.cpp; sourceTree = "<group>"; };
		363E41951176B40500AA74DF /* utAllocore.h */ = {isa = PBXFileReference; fileEncoding = 4; lastKnownFileType = sourcecode.c.h; path = utAllocore.h; sourceTree = "<group>"; };
		363E41961176B40500AA74DF /* utIOAudioIO.cpp */ = {isa = PBXFileReference; fileEncoding = 4; lastKnownFileType = sourcecode.cpp.cpp; path = utIOAudioIO.cpp; sourceTree = "<group>"; };
		363E41971176B40500AA74DF /* utIOWindowGL.cpp */ = {isa = PBXFileReference; fileEncoding = 4; lastKnownFileType = sourcecode.cpp.cpp; path = utIOWindowGL.cpp; sourceTree = "<group>"; };
		363E41981176B40500AA74DF /* utMath.cpp */ = {isa = PBXFileReference; fileEncoding = 4; lastKnownFileType = sourcecode.cpp.cpp; path = utMath.cpp; sourceTree = "<group>"; };
		363E41991176B40500AA74DF /* utProtocolOSC.cpp */ = {isa = PBXFileReference; fileEncoding = 4; lastKnownFileType = sourcecode.cpp.cpp; path = utProtocolOSC.cpp; sourceTree = "<group>"; };
		363E419A1176B40500AA74DF /* utProtocolSerialize.cpp */ = {isa = PBXFileReference; fileEncoding = 4; lastKnownFileType = sourcecode.cpp.cpp; path = utProtocolSerialize.cpp; sourceTree = "<group>"; };
		363E419B1176B40500AA74DF /* utSystem.cpp */ = {isa = PBXFileReference; fileEncoding = 4; lastKnownFileType = sourcecode.cpp.cpp; path = utSystem.cpp; sourceTree = "<group>"; };
		363E419C1176B40500AA74DF /* utTypes.cpp */ = {isa = PBXFileReference; fileEncoding = 4; lastKnownFileType = sourcecode.cpp.cpp; path = utTypes.cpp; sourceTree = "<group>"; };
		363E41A11176B42200AA74DF /* liballocore.a */ = {isa = PBXFileReference; explicitFileType = archive.ar; includeInIndex = 0; path = liballocore.a; sourceTree = BUILT_PRODUCTS_DIR; };
		363E41BB1176B4DA00AA74DF /* alloGLViewController.h */ = {isa = PBXFileReference; fileEncoding = 4; lastKnownFileType = sourcecode.c.h; path = alloGLViewController.h; sourceTree = "<group>"; };
		363E41BC1176B4DA00AA74DF /* alloGLViewController.mm */ = {isa = PBXFileReference; fileEncoding = 4; lastKnownFileType = sourcecode.cpp.objcpp; path = alloGLViewController.mm; sourceTree = "<group>"; };
		363E43271176BBE700AA74DF /* OpenGLES.framework */ = {isa = PBXFileReference; lastKnownFileType = wrapper.framework; name = OpenGLES.framework; path = System/Library/Frameworks/OpenGLES.framework; sourceTree = SDKROOT; };
		36CE037011778F6400650B45 /* alloGLView.h */ = {isa = PBXFileReference; fileEncoding = 4; lastKnownFileType = sourcecode.c.h; path = alloGLView.h; sourceTree = "<group>"; };
		36CE037111778F6400650B45 /* alloGLView.mm */ = {isa = PBXFileReference; fileEncoding = 4; lastKnownFileType = sourcecode.cpp.objcpp; path = alloGLView.mm; sourceTree = "<group>"; };
		36CE03C21177903D00650B45 /* QuartzCore.framework */ = {isa = PBXFileReference; lastKnownFileType = wrapper.framework; name = QuartzCore.framework; path = System/Library/Frameworks/QuartzCore.framework; sourceTree = SDKROOT; };
		36CE04431177916D00650B45 /* ES1Renderer.h */ = {isa = PBXFileReference; fileEncoding = 4; lastKnownFileType = sourcecode.c.h; path = ES1Renderer.h; sourceTree = "<group>"; };
		36CE04441177916D00650B45 /* ES1Renderer.m */ = {isa = PBXFileReference; fileEncoding = 4; lastKnownFileType = sourcecode.c.objc; path = ES1Renderer.m; sourceTree = "<group>"; };
		36CE04461177917600650B45 /* ES2Renderer.h */ = {isa = PBXFileReference; fileEncoding = 4; lastKnownFileType = sourcecode.c.h; path = ES2Renderer.h; sourceTree = "<group>"; };
		36CE04471177917600650B45 /* ES2Renderer.m */ = {isa = PBXFileReference; fileEncoding = 4; lastKnownFileType = sourcecode.c.objc; path = ES2Renderer.m; sourceTree = "<group>"; };
		36CE04491177919E00650B45 /* ESRenderer.h */ = {isa = PBXFileReference; fileEncoding = 4; lastKnownFileType = sourcecode.c.h; path = ESRenderer.h; sourceTree = "<group>"; };
		36CE0496117793DF00650B45 /* Shader.fsh */ = {isa = PBXFileReference; fileEncoding = 4; lastKnownFileType = sourcecode.glsl; path = Shader.fsh; sourceTree = "<group>"; };
		36CE0498117793EA00650B45 /* Shader.vsh */ = {isa = PBXFileReference; fileEncoding = 4; lastKnownFileType = sourcecode.glsl; path = Shader.vsh; sourceTree = "<group>"; };
		36CE05DE11779D8A00650B45 /* al_Constants.hpp */ = {isa = PBXFileReference; fileEncoding = 4; lastKnownFileType = sourcecode.cpp.h; path = al_Constants.hpp; sourceTree = "<group>"; };
		36CE05DF11779D8A00650B45 /* al_Functions.hpp */ = {isa = PBXFileReference; fileEncoding = 4; lastKnownFileType = sourcecode.cpp.h; path = al_Functions.hpp; sourceTree = "<group>"; };
		36CE05E011779D8A00650B45 /* al_Interpolation.hpp */ = {isa = PBXFileReference; fileEncoding = 4; lastKnownFileType = sourcecode.cpp.h; path = al_Interpolation.hpp; sourceTree = "<group>"; };
		8D1107310486CEB800E47090 /* allo-Info.plist */ = {isa = PBXFileReference; fileEncoding = 4; lastKnownFileType = text.plist.xml; path = "allo-Info.plist"; plistStructureDefinitionIdentifier = "com.apple.xcode.plist.structure-definition.iphone.info-plist"; sourceTree = "<group>"; };
/* End PBXFileReference section */

/* Begin PBXFrameworksBuildPhase section */
		1D60588F0D05DD3D006BFB54 /* Frameworks */ = {
			isa = PBXFrameworksBuildPhase;
			buildActionMask = 2147483647;
			files = (
				363E41F71176B73000AA74DF /* liballocore.a in Frameworks */,
				1D60589F0D05DD5A006BFB54 /* Foundation.framework in Frameworks */,
				1DF5F4E00D08C38300B7A737 /* UIKit.framework in Frameworks */,
				288765FD0DF74451002DB57D /* CoreGraphics.framework in Frameworks */,
				363E43281176BBE700AA74DF /* OpenGLES.framework in Frameworks */,
				36CE03C31177903D00650B45 /* QuartzCore.framework in Frameworks */,
			);
			runOnlyForDeploymentPostprocessing = 0;
		};
		363E419F1176B42200AA74DF /* Frameworks */ = {
			isa = PBXFrameworksBuildPhase;
			buildActionMask = 2147483647;
			files = (
			);
			runOnlyForDeploymentPostprocessing = 0;
		};
/* End PBXFrameworksBuildPhase section */

/* Begin PBXGroup section */
		19C28FACFE9D520D11CA2CBB /* Products */ = {
			isa = PBXGroup;
			children = (
				1D6058910D05DD3D006BFB54 /* allo.app */,
				363E41A11176B42200AA74DF /* liballocore.a */,
			);
			name = Products;
			sourceTree = "<group>";
		};
		2860E324111B887F00E27156 /* iPhone */ = {
			isa = PBXGroup;
			children = (
				2860E325111B887F00E27156 /* AppDelegate_Phone.h */,
				2860E326111B887F00E27156 /* AppDelegate_Phone.m */,
				2860E327111B887F00E27156 /* MainWindow_Phone.xib */,
			);
			path = iPhone;
			sourceTree = "<group>";
		};
		2860E32A111B888700E27156 /* iPad */ = {
			isa = PBXGroup;
			children = (
				2860E32B111B888700E27156 /* AppDelegate_Pad.h */,
				2860E32C111B888700E27156 /* AppDelegate_Pad.m */,
				2860E32D111B888700E27156 /* MainWindow_Pad.xib */,
			);
			path = iPad;
			sourceTree = "<group>";
		};
		28EEBF621118D79A00187D67 /* Shared */ = {
			isa = PBXGroup;
			children = (
				8D1107310486CEB800E47090 /* allo-Info.plist */,
				36CE037011778F6400650B45 /* alloGLView.h */,
				36CE037111778F6400650B45 /* alloGLView.mm */,
				363E41BB1176B4DA00AA74DF /* alloGLViewController.h */,
				363E41BC1176B4DA00AA74DF /* alloGLViewController.mm */,
				36CE04491177919E00650B45 /* ESRenderer.h */,
				36CE04431177916D00650B45 /* ES1Renderer.h */,
				36CE04441177916D00650B45 /* ES1Renderer.m */,
				36CE04461177917600650B45 /* ES2Renderer.h */,
				36CE04471177917600650B45 /* ES2Renderer.m */,
				36CE0496117793DF00650B45 /* Shader.fsh */,
				36CE0498117793EA00650B45 /* Shader.vsh */,
			);
			name = Shared;
			sourceTree = "<group>";
		};
		29B97314FDCFA39411CA2CEA /* CustomTemplate */ = {
			isa = PBXGroup;
			children = (
				363E41301176B40500AA74DF /* include */,
				363E41641176B40500AA74DF /* src */,
				363E41921176B40500AA74DF /* unitTests */,
				2860E32A111B888700E27156 /* iPad */,
				2860E324111B887F00E27156 /* iPhone */,
				28EEBF621118D79A00187D67 /* Shared */,
				29B97315FDCFA39411CA2CEA /* Other Sources */,
				29B97323FDCFA39411CA2CEA /* Frameworks */,
				19C28FACFE9D520D11CA2CBB /* Products */,
			);
			name = CustomTemplate;
			sourceTree = "<group>";
		};
		29B97315FDCFA39411CA2CEA /* Other Sources */ = {
			isa = PBXGroup;
			children = (
				32CA4F630368D1EE00C91783 /* allo_iPrefix.pch */,
				29B97316FDCFA39411CA2CEA /* main.m */,
			);
			name = "Other Sources";
			sourceTree = "<group>";
		};
		29B97323FDCFA39411CA2CEA /* Frameworks */ = {
			isa = PBXGroup;
			children = (
				36CE03C21177903D00650B45 /* QuartzCore.framework */,
				363E43271176BBE700AA74DF /* OpenGLES.framework */,
				1DF5F4DF0D08C38300B7A737 /* UIKit.framework */,
				1D30AB110D05D00D00671497 /* Foundation.framework */,
				288765FC0DF74451002DB57D /* CoreGraphics.framework */,
			);
			name = Frameworks;
			sourceTree = "<group>";
		};
		363E41301176B40500AA74DF /* include */ = {
			isa = PBXGroup;
			children = (
				363E41311176B40500AA74DF /* io */,
				363E41361176B40500AA74DF /* math */,
				363E413B1176B40500AA74DF /* protocol */,
				363E41511176B40500AA74DF /* system */,
				363E41591176B40500AA74DF /* types */,
			);
			name = include;
			path = ../../include;
			sourceTree = SOURCE_ROOT;
		};
		363E41311176B40500AA74DF /* io */ = {
			isa = PBXGroup;
			children = (
				363E41321176B40500AA74DF /* al_AudioIO.hpp */,
				363E41331176B40500AA74DF /* al_File.hpp */,
				363E41341176B40500AA74DF /* al_Socket.hpp */,
				363E41351176B40500AA74DF /* al_WindowGL.hpp */,
			);
			path = io;
			sourceTree = "<group>";
		};
		363E41361176B40500AA74DF /* math */ = {
			isa = PBXGroup;
			children = (
				363E413A1176B40500AA74DF /* al_Vec.hpp */,
				363E41371176B40500AA74DF /* al_Complex.hpp */,
				363E41381176B40500AA74DF /* al_Quat.h */,
				363E41391176B40500AA74DF /* al_Quat.hpp */,
				36CE05DE11779D8A00650B45 /* al_Constants.hpp */,
				36CE05DF11779D8A00650B45 /* al_Functions.hpp */,
				36CE05E011779D8A00650B45 /* al_Interpolation.hpp */,
			);
			path = math;
			sourceTree = "<group>";
		};
		363E413B1176B40500AA74DF /* protocol */ = {
			isa = PBXGroup;
			children = (
				363E413C1176B40500AA74DF /* al_Graphics.hpp */,
				363E413D1176B40500AA74DF /* al_OSC.hpp */,
				363E413E1176B40500AA74DF /* al_OSCAPR.hpp */,
				363E413F1176B40500AA74DF /* al_Serialize.h */,
				363E41401176B40500AA74DF /* al_Serialize.hpp */,
				363E41411176B40500AA74DF /* oscpack */,
			);
			path = protocol;
			sourceTree = "<group>";
		};
		363E41411176B40500AA74DF /* oscpack */ = {
			isa = PBXGroup;
			children = (
				363E41421176B40500AA74DF /* ip */,
				363E41481176B40500AA74DF /* osc */,
			);
			path = oscpack;
			sourceTree = "<group>";
		};
		363E41421176B40500AA74DF /* ip */ = {
			isa = PBXGroup;
			children = (
				363E41431176B40500AA74DF /* IpEndpointName.h */,
				363E41441176B40500AA74DF /* NetworkingUtils.h */,
				363E41451176B40500AA74DF /* PacketListener.h */,
				363E41461176B40500AA74DF /* TimerListener.h */,
				363E41471176B40500AA74DF /* UdpSocket.h */,
			);
			path = ip;
			sourceTree = "<group>";
		};
		363E41481176B40500AA74DF /* osc */ = {
			isa = PBXGroup;
			children = (
				363E41491176B40500AA74DF /* MessageMappingOscPacketListener.h */,
				363E414A1176B40500AA74DF /* OscException.h */,
				363E414B1176B40500AA74DF /* OscHostEndianness.h */,
				363E414C1176B40500AA74DF /* OscOutboundPacketStream.h */,
				363E414D1176B40500AA74DF /* OscPacketListener.h */,
				363E414E1176B40500AA74DF /* OscPrintReceivedElements.h */,
				363E414F1176B40500AA74DF /* OscReceivedElements.h */,
				363E41501176B40500AA74DF /* OscTypes.h */,
			);
			path = osc;
			sourceTree = "<group>";
		};
		363E41511176B40500AA74DF /* system */ = {
			isa = PBXGroup;
			children = (
				363E41521176B40500AA74DF /* al_Config.h */,
				363E41531176B40500AA74DF /* al_MainLoop.h */,
				363E41541176B40500AA74DF /* al_Thread.h */,
				363E41551176B40500AA74DF /* al_Thread.hpp */,
				363E41561176B40500AA74DF /* al_Time.h */,
				363E41571176B40500AA74DF /* al_Time.hpp */,
				363E41581176B40500AA74DF /* pstdint.h */,
			);
			path = system;
			sourceTree = "<group>";
		};
		363E41591176B40500AA74DF /* types */ = {
			isa = PBXGroup;
			children = (
				363E415A1176B40500AA74DF /* al_Buffer.hpp */,
				363E415B1176B40500AA74DF /* al_Color.hpp */,
				363E415C1176B40500AA74DF /* al_pq.h */,
				363E415D1176B40500AA74DF /* al_pq.hpp */,
				363E415E1176B40500AA74DF /* al_socktube.h */,
				363E415F1176B40500AA74DF /* al_tube.h */,
				363E41601176B40500AA74DF /* al_tube.hpp */,
				363E41611176B40500AA74DF /* al_types.h */,
				363E41621176B40500AA74DF /* al_types.hpp */,
				363E41631176B40500AA74DF /* al_VectorBuffer.hpp */,
			);
			path = types;
			sourceTree = "<group>";
		};
		363E41641176B40500AA74DF /* src */ = {
			isa = PBXGroup;
			children = (
				363E41651176B40500AA74DF /* io */,
				363E416C1176B40500AA74DF /* protocol */,
				363E41811176B40500AA74DF /* system */,
				363E41881176B40500AA74DF /* types */,
			);
			name = src;
			path = ../../src;
			sourceTree = SOURCE_ROOT;
		};
		363E41651176B40500AA74DF /* io */ = {
			isa = PBXGroup;
			children = (
				363E41661176B40500AA74DF /* al_AudioIO.cpp */,
				363E41671176B40500AA74DF /* al_File.cpp */,
				363E41681176B40500AA74DF /* al_Socket.cpp */,
				363E41691176B40500AA74DF /* al_WindowGL.cpp */,
				363E416A1176B40500AA74DF /* al_WindowGLUT.cpp */,
				363E416B1176B40500AA74DF /* Makefile.config */,
			);
			path = io;
			sourceTree = "<group>";
		};
		363E416C1176B40500AA74DF /* protocol */ = {
			isa = PBXGroup;
			children = (
				363E416D1176B40500AA74DF /* al_Graphics.cpp */,
				363E416E1176B40500AA74DF /* al_GraphicsOpenGL.cpp */,
				363E416F1176B40500AA74DF /* al_GraphicsOpenGLES1.cpp */,
				363E41701176B40500AA74DF /* al_GraphicsOpenGLES2.cpp */,
				363E41711176B40500AA74DF /* al_OSC.cpp */,
				363E41721176B40500AA74DF /* al_OSCAPR.cpp */,
				363E41731176B40500AA74DF /* al_Serialize.cpp */,
				363E41741176B40500AA74DF /* Makefile.config */,
				363E41751176B40500AA74DF /* oscpack */,
			);
			path = protocol;
			sourceTree = "<group>";
		};
		363E41751176B40500AA74DF /* oscpack */ = {
			isa = PBXGroup;
			children = (
				363E41761176B40500AA74DF /* IpEndpointName.cpp */,
				363E41771176B40500AA74DF /* OscOutboundPacketStream.cpp */,
				363E41781176B40500AA74DF /* OscPrintReceivedElements.cpp */,
				363E41791176B40500AA74DF /* OscReceivedElements.cpp */,
				363E417A1176B40500AA74DF /* OscTypes.cpp */,
				363E417B1176B40500AA74DF /* posix */,
				363E417E1176B40500AA74DF /* win32 */,
			);
			path = oscpack;
			sourceTree = "<group>";
		};
		363E417B1176B40500AA74DF /* posix */ = {
			isa = PBXGroup;
			children = (
				363E417C1176B40500AA74DF /* NetworkingUtils.cpp */,
				363E417D1176B40500AA74DF /* UdpSocket.cpp */,
			);
			path = posix;
			sourceTree = "<group>";
		};
		363E417E1176B40500AA74DF /* win32 */ = {
			isa = PBXGroup;
			children = (
				363E417F1176B40500AA74DF /* NetworkingUtils.cpp */,
				363E41801176B40500AA74DF /* UdpSocket.cpp */,
			);
			path = win32;
			sourceTree = "<group>";
		};
		363E41811176B40500AA74DF /* system */ = {
			isa = PBXGroup;
			children = (
				363E41821176B40500AA74DF /* al_Config.cpp */,
				363E41831176B40500AA74DF /* al_MainLoop.cpp */,
				363E41841176B40500AA74DF /* al_MainLoopOSX.mm */,
				363E41851176B40500AA74DF /* al_Time.cpp */,
				363E41861176B40500AA74DF /* al_TimeAPR.cpp */,
				363E41871176B40500AA74DF /* Makefile.config */,
			);
			path = system;
			sourceTree = "<group>";
		};
		363E41881176B40500AA74DF /* types */ = {
			isa = PBXGroup;
			children = (
				363E41891176B40500AA74DF /* al_Color.cpp */,
				363E418A1176B40500AA74DF /* al_msg.cpp */,
				363E418B1176B40500AA74DF /* al_quat.cpp */,
				363E418C1176B40500AA74DF /* al_socktube.c */,
				363E418D1176B40500AA74DF /* Makefile.config */,
				363E418E1176B40500AA74DF /* test */,
			);
			path = types;
			sourceTree = "<group>";
		};
		363E418E1176B40500AA74DF /* test */ = {
			isa = PBXGroup;
			children = (
				363E418F1176B40500AA74DF /* test.c */,
				363E41901176B40500AA74DF /* test.cpp */,
				363E41911176B40500AA74DF /* test_portaudio.c */,
			);
			path = test;
			sourceTree = "<group>";
		};
		363E41921176B40500AA74DF /* unitTests */ = {
			isa = PBXGroup;
			children = (
				363E41931176B40500AA74DF /* Makefile */,
				363E41941176B40500AA74DF /* utAllocore.cpp */,
				363E41951176B40500AA74DF /* utAllocore.h */,
				363E41961176B40500AA74DF /* utIOAudioIO.cpp */,
				363E41971176B40500AA74DF /* utIOWindowGL.cpp */,
				363E41981176B40500AA74DF /* utMath.cpp */,
				363E41991176B40500AA74DF /* utProtocolOSC.cpp */,
				363E419A1176B40500AA74DF /* utProtocolSerialize.cpp */,
				363E419B1176B40500AA74DF /* utSystem.cpp */,
				363E419C1176B40500AA74DF /* utTypes.cpp */,
			);
			name = unitTests;
			path = ../../unitTests;
			sourceTree = SOURCE_ROOT;
		};
/* End PBXGroup section */

/* Begin PBXHeadersBuildPhase section */
		363E419D1176B42200AA74DF /* Headers */ = {
			isa = PBXHeadersBuildPhase;
			buildActionMask = 2147483647;
			files = (
			);
			runOnlyForDeploymentPostprocessing = 0;
		};
/* End PBXHeadersBuildPhase section */

/* Begin PBXNativeTarget section */
		1D6058900D05DD3D006BFB54 /* allotest */ = {
			isa = PBXNativeTarget;
			buildConfigurationList = 1D6058960D05DD3E006BFB54 /* Build configuration list for PBXNativeTarget "allotest" */;
			buildPhases = (
				1D60588D0D05DD3D006BFB54 /* Resources */,
				1D60588E0D05DD3D006BFB54 /* Sources */,
				1D60588F0D05DD3D006BFB54 /* Frameworks */,
			);
			buildRules = (
			);
			dependencies = (
				363E41A51176B42700AA74DF /* PBXTargetDependency */,
			);
			name = allotest;
			productName = allo;
			productReference = 1D6058910D05DD3D006BFB54 /* allo.app */;
			productType = "com.apple.product-type.application";
		};
		363E41A01176B42200AA74DF /* allocore */ = {
			isa = PBXNativeTarget;
			buildConfigurationList = 363E41B91176B48B00AA74DF /* Build configuration list for PBXNativeTarget "allocore" */;
			buildPhases = (
				363E419D1176B42200AA74DF /* Headers */,
				363E419E1176B42200AA74DF /* Sources */,
				363E419F1176B42200AA74DF /* Frameworks */,
			);
			buildRules = (
			);
			dependencies = (
			);
			name = allocore;
			productName = allocore;
			productReference = 363E41A11176B42200AA74DF /* liballocore.a */;
			productType = "com.apple.product-type.library.static";
		};
/* End PBXNativeTarget section */

/* Begin PBXProject section */
		29B97313FDCFA39411CA2CEA /* Project object */ = {
			isa = PBXProject;
			buildConfigurationList = C01FCF4E08A954540054247B /* Build configuration list for PBXProject "allo" */;
			compatibilityVersion = "Xcode 3.1";
			hasScannedForEncodings = 1;
			mainGroup = 29B97314FDCFA39411CA2CEA /* CustomTemplate */;
			projectDirPath = "";
			projectRoot = "";
			targets = (
				363E41A01176B42200AA74DF /* allocore */,
				1D6058900D05DD3D006BFB54 /* allotest */,
			);
		};
/* End PBXProject section */

/* Begin PBXResourcesBuildPhase section */
		1D60588D0D05DD3D006BFB54 /* Resources */ = {
			isa = PBXResourcesBuildPhase;
			buildActionMask = 2147483647;
			files = (
				36CE0497117793DF00650B45 /* Shader.fsh in Resources */,
				36CE0499117793EA00650B45 /* Shader.vsh in Resources */,
				2860E329111B887F00E27156 /* MainWindow_Phone.xib in Resources */,
				2860E32F111B888700E27156 /* MainWindow_Pad.xib in Resources */,
			);
			runOnlyForDeploymentPostprocessing = 0;
		};
/* End PBXResourcesBuildPhase section */

/* Begin PBXSourcesBuildPhase section */
		1D60588E0D05DD3D006BFB54 /* Sources */ = {
			isa = PBXSourcesBuildPhase;
			buildActionMask = 2147483647;
			files = (
				1D60589B0D05DD56006BFB54 /* main.m in Sources */,
				2860E328111B887F00E27156 /* AppDelegate_Phone.m in Sources */,
				2860E32E111B888700E27156 /* AppDelegate_Pad.m in Sources */,
				363E41BD1176B4DA00AA74DF /* alloGLViewController.mm in Sources */,
				36CE037211778F6400650B45 /* alloGLView.mm in Sources */,
				36CE04451177916D00650B45 /* ES1Renderer.m in Sources */,
				36CE04481177917600650B45 /* ES2Renderer.m in Sources */,
			);
			runOnlyForDeploymentPostprocessing = 0;
		};
		363E419E1176B42200AA74DF /* Sources */ = {
			isa = PBXSourcesBuildPhase;
			buildActionMask = 2147483647;
			files = (
				363E43231176BBD300AA74DF /* al_Graphics.cpp in Sources */,
				363E43241176BBD300AA74DF /* al_GraphicsOpenGL.cpp in Sources */,
				363E43251176BBD300AA74DF /* al_GraphicsOpenGLES1.cpp in Sources */,
				363E43261176BBD300AA74DF /* al_GraphicsOpenGLES2.cpp in Sources */,
			);
			runOnlyForDeploymentPostprocessing = 0;
		};
/* End PBXSourcesBuildPhase section */

/* Begin PBXTargetDependency section */
		363E41A51176B42700AA74DF /* PBXTargetDependency */ = {
			isa = PBXTargetDependency;
			target = 363E41A01176B42200AA74DF /* allocore */;
			targetProxy = 363E41A41176B42700AA74DF /* PBXContainerItemProxy */;
		};
/* End PBXTargetDependency section */

/* Begin XCBuildConfiguration section */
		1D6058940D05DD3E006BFB54 /* Debug */ = {
			isa = XCBuildConfiguration;
			buildSettings = {
				ALWAYS_SEARCH_USER_PATHS = NO;
				COPY_PHASE_STRIP = NO;
				GCC_DYNAMIC_NO_PIC = NO;
				GCC_OPTIMIZATION_LEVEL = 0;
				GCC_PRECOMPILE_PREFIX_HEADER = YES;
				GCC_PREFIX_HEADER = allo_iPrefix.pch;
				INFOPLIST_FILE = "allo-Info.plist";
				PRODUCT_NAME = allo;
			};
			name = Debug;
		};
		1D6058950D05DD3E006BFB54 /* Release */ = {
			isa = XCBuildConfiguration;
			buildSettings = {
				ALWAYS_SEARCH_USER_PATHS = NO;
				COPY_PHASE_STRIP = YES;
				GCC_PRECOMPILE_PREFIX_HEADER = YES;
				GCC_PREFIX_HEADER = allo_iPrefix.pch;
				INFOPLIST_FILE = "allo-Info.plist";
				PRODUCT_NAME = allo;
				VALIDATE_PRODUCT = YES;
			};
			name = Release;
		};
		363E41A21176B42200AA74DF /* Debug */ = {
			isa = XCBuildConfiguration;
			buildSettings = {
				ALWAYS_SEARCH_USER_PATHS = NO;
				COPY_PHASE_STRIP = NO;
				DEAD_CODE_STRIPPING = YES;
				GCC_DYNAMIC_NO_PIC = NO;
				GCC_OPTIMIZATION_LEVEL = 0;
				GCC_PRECOMPILE_PREFIX_HEADER = YES;
				GCC_PREFIX_HEADER = allo_iPrefix.pch;
				PREBINDING = NO;
				PRODUCT_NAME = allocore;
			};
			name = Debug;
		};
		363E41A31176B42200AA74DF /* Release */ = {
			isa = XCBuildConfiguration;
			buildSettings = {
				ALWAYS_SEARCH_USER_PATHS = NO;
				COPY_PHASE_STRIP = YES;
				DEAD_CODE_STRIPPING = YES;
				DEBUG_INFORMATION_FORMAT = "dwarf-with-dsym";
				GCC_ENABLE_FIX_AND_CONTINUE = NO;
				GCC_PRECOMPILE_PREFIX_HEADER = YES;
				GCC_PREFIX_HEADER = allo_iPrefix.pch;
				PREBINDING = NO;
				PRODUCT_NAME = allocore;
				ZERO_LINK = NO;
			};
			name = Release;
		};
		C01FCF4F08A954540054247B /* Debug */ = {
			isa = XCBuildConfiguration;
			buildSettings = {
				ARCHS = "$(ARCHS_UNIVERSAL_IPHONE_OS)";
				"CODE_SIGN_IDENTITY[sdk=iphoneos*]" = "iPhone Developer";
				GCC_C_LANGUAGE_STANDARD = c99;
				GCC_WARN_ABOUT_RETURN_TYPE = YES;
				GCC_WARN_UNUSED_VARIABLE = YES;
				IPHONEOS_DEPLOYMENT_TARGET = 3.1;
				PREBINDING = NO;
				SDKROOT = iphoneos3.2;
				TARGETED_DEVICE_FAMILY = "1,2";
				USER_HEADER_SEARCH_PATHS = ../../include;
			};
			name = Debug;
		};
		C01FCF5008A954540054247B /* Release */ = {
			isa = XCBuildConfiguration;
			buildSettings = {
				ARCHS = "$(ARCHS_UNIVERSAL_IPHONE_OS)";
				"CODE_SIGN_IDENTITY[sdk=iphoneos*]" = "iPhone Developer";
				GCC_C_LANGUAGE_STANDARD = c99;
				GCC_WARN_ABOUT_RETURN_TYPE = YES;
				GCC_WARN_UNUSED_VARIABLE = YES;
				IPHONEOS_DEPLOYMENT_TARGET = 3.1;
				OTHER_CFLAGS = "-DNS_BLOCK_ASSERTIONS=1";
				PREBINDING = NO;
				SDKROOT = iphoneos3.2;
				TARGETED_DEVICE_FAMILY = "1,2";
				USER_HEADER_SEARCH_PATHS = ../../include;
			};
			name = Release;
		};
/* End XCBuildConfiguration section */

/* Begin XCConfigurationList section */
		1D6058960D05DD3E006BFB54 /* Build configuration list for PBXNativeTarget "allotest" */ = {
			isa = XCConfigurationList;
			buildConfigurations = (
				1D6058940D05DD3E006BFB54 /* Debug */,
				1D6058950D05DD3E006BFB54 /* Release */,
			);
			defaultConfigurationIsVisible = 0;
			defaultConfigurationName = Release;
		};
		363E41B91176B48B00AA74DF /* Build configuration list for PBXNativeTarget "allocore" */ = {
			isa = XCConfigurationList;
			buildConfigurations = (
				363E41A21176B42200AA74DF /* Debug */,
				363E41A31176B42200AA74DF /* Release */,
			);
			defaultConfigurationIsVisible = 0;
			defaultConfigurationName = Release;
		};
		C01FCF4E08A954540054247B /* Build configuration list for PBXProject "allo" */ = {
			isa = XCConfigurationList;
			buildConfigurations = (
				C01FCF4F08A954540054247B /* Debug */,
				C01FCF5008A954540054247B /* Release */,
			);
			defaultConfigurationIsVisible = 0;
			defaultConfigurationName = Release;
		};
/* End XCConfigurationList section */
	};
	rootObject = 29B97313FDCFA39411CA2CEA /* Project object */;
}
