// !$*UTF8*$!
{
	archiveVersion = 1;
	classes = {
	};
	objectVersion = 45;
	objects = {

/* Begin PBXBuildFile section */
		3651766C11C56E8300C68E6E /* al_Camera.cpp in Sources */ = {isa = PBXBuildFile; fileRef = 3651763211C56E8300C68E6E /* al_Camera.cpp */; };
		3651766D11C56E8300C68E6E /* al_Debug.cpp in Sources */ = {isa = PBXBuildFile; fileRef = 3651763311C56E8300C68E6E /* al_Debug.cpp */; };
		3651766E11C56E8300C68E6E /* al_Light.cpp in Sources */ = {isa = PBXBuildFile; fileRef = 3651763411C56E8300C68E6E /* al_Light.cpp */; };
		3651766F11C56E8300C68E6E /* al_Shader.cpp in Sources */ = {isa = PBXBuildFile; fileRef = 3651763511C56E8300C68E6E /* al_Shader.cpp */; };
		3651767011C56E8300C68E6E /* al_Texture.cpp in Sources */ = {isa = PBXBuildFile; fileRef = 3651763611C56E8300C68E6E /* al_Texture.cpp */; };
		3651767211C56E8300C68E6E /* al_AudioIO.cpp in Sources */ = {isa = PBXBuildFile; fileRef = 3651763A11C56E8300C68E6E /* al_AudioIO.cpp */; };
		3651767311C56E8300C68E6E /* al_File.cpp in Sources */ = {isa = PBXBuildFile; fileRef = 3651763B11C56E8300C68E6E /* al_File.cpp */; };
		3651767411C56E8300C68E6E /* al_SocketAPR.cpp in Sources */ = {isa = PBXBuildFile; fileRef = 3651763C11C56E8300C68E6E /* al_SocketAPR.cpp */; };
		3651767511C56E8300C68E6E /* al_WindowGL.cpp in Sources */ = {isa = PBXBuildFile; fileRef = 3651763D11C56E8300C68E6E /* al_WindowGL.cpp */; };
		3651767611C56E8300C68E6E /* al_WindowGLUT.cpp in Sources */ = {isa = PBXBuildFile; fileRef = 3651763E11C56E8300C68E6E /* al_WindowGLUT.cpp */; };
		3651767711C56E8300C68E6E /* al_Graphics.cpp in Sources */ = {isa = PBXBuildFile; fileRef = 3651764311C56E8300C68E6E /* al_Graphics.cpp */; };
		3651767811C56E8300C68E6E /* al_GraphicsOpenGL.cpp in Sources */ = {isa = PBXBuildFile; fileRef = 3651764411C56E8300C68E6E /* al_GraphicsOpenGL.cpp */; };
		3651767911C56E8300C68E6E /* al_GraphicsOpenGLES1.cpp in Sources */ = {isa = PBXBuildFile; fileRef = 3651764511C56E8300C68E6E /* al_GraphicsOpenGLES1.cpp */; };
		3651767A11C56E8300C68E6E /* al_GraphicsOpenGLES2.cpp in Sources */ = {isa = PBXBuildFile; fileRef = 3651764611C56E8300C68E6E /* al_GraphicsOpenGLES2.cpp */; };
		3651767B11C56E8300C68E6E /* al_OSC.cpp in Sources */ = {isa = PBXBuildFile; fileRef = 3651764711C56E8300C68E6E /* al_OSC.cpp */; };
		3651767C11C56E8300C68E6E /* al_OSCAPR.cpp in Sources */ = {isa = PBXBuildFile; fileRef = 3651764811C56E8300C68E6E /* al_OSCAPR.cpp */; };
		3651767D11C56E8300C68E6E /* al_Serialize.cpp in Sources */ = {isa = PBXBuildFile; fileRef = 3651764911C56E8300C68E6E /* al_Serialize.cpp */; };
		3651767E11C56E8300C68E6E /* IpEndpointName.cpp in Sources */ = {isa = PBXBuildFile; fileRef = 3651764C11C56E8300C68E6E /* IpEndpointName.cpp */; };
		3651767F11C56E8300C68E6E /* OscOutboundPacketStream.cpp in Sources */ = {isa = PBXBuildFile; fileRef = 3651764D11C56E8300C68E6E /* OscOutboundPacketStream.cpp */; };
		3651768011C56E8300C68E6E /* OscPrintReceivedElements.cpp in Sources */ = {isa = PBXBuildFile; fileRef = 3651764E11C56E8300C68E6E /* OscPrintReceivedElements.cpp */; };
		3651768111C56E8300C68E6E /* OscReceivedElements.cpp in Sources */ = {isa = PBXBuildFile; fileRef = 3651764F11C56E8300C68E6E /* OscReceivedElements.cpp */; };
		3651768211C56E8300C68E6E /* OscTypes.cpp in Sources */ = {isa = PBXBuildFile; fileRef = 3651765011C56E8300C68E6E /* OscTypes.cpp */; };
		3651768311C56E8300C68E6E /* NetworkingUtils.cpp in Sources */ = {isa = PBXBuildFile; fileRef = 3651765211C56E8300C68E6E /* NetworkingUtils.cpp */; };
		3651768411C56E8300C68E6E /* UdpSocket.cpp in Sources */ = {isa = PBXBuildFile; fileRef = 3651765311C56E8300C68E6E /* UdpSocket.cpp */; };
		3651768711C56E8300C68E6E /* al_Config.cpp in Sources */ = {isa = PBXBuildFile; fileRef = 3651765811C56E8300C68E6E /* al_Config.cpp */; };
		3651768811C56E8300C68E6E /* al_MainLoop.cpp in Sources */ = {isa = PBXBuildFile; fileRef = 3651765911C56E8300C68E6E /* al_MainLoop.cpp */; };
		3651768911C56E8300C68E6E /* al_MainLoopOSX.mm in Sources */ = {isa = PBXBuildFile; fileRef = 3651765A11C56E8300C68E6E /* al_MainLoopOSX.mm */; };
		3651768A11C56E8300C68E6E /* al_Printing.cpp in Sources */ = {isa = PBXBuildFile; fileRef = 3651765B11C56E8300C68E6E /* al_Printing.cpp */; };
		3651768C11C56E8300C68E6E /* al_TimeAPR.cpp in Sources */ = {isa = PBXBuildFile; fileRef = 3651765D11C56E8300C68E6E /* al_TimeAPR.cpp */; };
		3651768D11C56E8300C68E6E /* al_Color.cpp in Sources */ = {isa = PBXBuildFile; fileRef = 3651766011C56E8300C68E6E /* al_Color.cpp */; };
		3651768E11C56E8300C68E6E /* al_msg.cpp in Sources */ = {isa = PBXBuildFile; fileRef = 3651766111C56E8300C68E6E /* al_msg.cpp */; };
		3651768F11C56E8300C68E6E /* al_quat.cpp in Sources */ = {isa = PBXBuildFile; fileRef = 3651766211C56E8300C68E6E /* al_quat.cpp */; };
		3651769011C56E8300C68E6E /* al_socktube.c in Sources */ = {isa = PBXBuildFile; fileRef = 3651766311C56E8300C68E6E /* al_socktube.c */; };
		3651769111C56E8300C68E6E /* ringbuffer.c in Sources */ = {isa = PBXBuildFile; fileRef = 3651766611C56E8300C68E6E /* ringbuffer.c */; };
		365176E811C56EB100C68E6E /* libapr-1.a in Frameworks */ = {isa = PBXBuildFile; fileRef = 365175DF11C56E7100C68E6E /* libapr-1.a */; };
		365176E911C56EB100C68E6E /* libportaudio.a in Frameworks */ = {isa = PBXBuildFile; fileRef = 365175E011C56E7100C68E6E /* libportaudio.a */; };
		365176EF11C56F7D00C68E6E /* AudioToolbox.framework in Frameworks */ = {isa = PBXBuildFile; fileRef = 365176EE11C56F7D00C68E6E /* AudioToolbox.framework */; };
		365176F111C56F7D00C68E6E /* AudioUnit.framework in Frameworks */ = {isa = PBXBuildFile; fileRef = 365176F011C56F7D00C68E6E /* AudioUnit.framework */; };
		365176F311C56F7D00C68E6E /* Cocoa.framework in Frameworks */ = {isa = PBXBuildFile; fileRef = 365176F211C56F7D00C68E6E /* Cocoa.framework */; };
		365176F511C56F7D00C68E6E /* CoreAudio.framework in Frameworks */ = {isa = PBXBuildFile; fileRef = 365176F411C56F7D00C68E6E /* CoreAudio.framework */; };
		365176F711C56F7D00C68E6E /* GLUT.framework in Frameworks */ = {isa = PBXBuildFile; fileRef = 365176F611C56F7D00C68E6E /* GLUT.framework */; };
		365176F911C56F7D00C68E6E /* OpenGL.framework in Frameworks */ = {isa = PBXBuildFile; fileRef = 365176F811C56F7D00C68E6E /* OpenGL.framework */; };
		8DD76F650486A84900D96B5E /* main.cpp in Sources */ = {isa = PBXBuildFile; fileRef = 08FB7796FE84155DC02AAC07 /* main.cpp */; settings = {ATTRIBUTES = (); }; };
		8DD76F6A0486A84900D96B5E /* exAlloLua.1 in CopyFiles */ = {isa = PBXBuildFile; fileRef = C6859E8B029090EE04C91782 /* exAlloLua.1 */; };
/* End PBXBuildFile section */

/* Begin PBXCopyFilesBuildPhase section */
		8DD76F690486A84900D96B5E /* CopyFiles */ = {
			isa = PBXCopyFilesBuildPhase;
			buildActionMask = 8;
			dstPath = /usr/share/man/man1/;
			dstSubfolderSpec = 0;
			files = (
				8DD76F6A0486A84900D96B5E /* exAlloLua.1 in CopyFiles */,
			);
			runOnlyForDeploymentPostprocessing = 1;
		};
/* End PBXCopyFilesBuildPhase section */

/* Begin PBXFileReference section */
		08FB7796FE84155DC02AAC07 /* main.cpp */ = {isa = PBXFileReference; fileEncoding = 4; lastKnownFileType = sourcecode.cpp.cpp; path = main.cpp; sourceTree = "<group>"; };
		365175B911C56E7100C68E6E /* apr.h */ = {isa = PBXFileReference; fileEncoding = 4; lastKnownFileType = sourcecode.c.h; path = apr.h; sourceTree = "<group>"; };
		365175BA11C56E7100C68E6E /* apr_allocator.h */ = {isa = PBXFileReference; fileEncoding = 4; lastKnownFileType = sourcecode.c.h; path = apr_allocator.h; sourceTree = "<group>"; };
		365175BB11C56E7100C68E6E /* apr_atomic.h */ = {isa = PBXFileReference; fileEncoding = 4; lastKnownFileType = sourcecode.c.h; path = apr_atomic.h; sourceTree = "<group>"; };
		365175BC11C56E7100C68E6E /* apr_dso.h */ = {isa = PBXFileReference; fileEncoding = 4; lastKnownFileType = sourcecode.c.h; path = apr_dso.h; sourceTree = "<group>"; };
		365175BD11C56E7100C68E6E /* apr_env.h */ = {isa = PBXFileReference; fileEncoding = 4; lastKnownFileType = sourcecode.c.h; path = apr_env.h; sourceTree = "<group>"; };
		365175BE11C56E7100C68E6E /* apr_errno.h */ = {isa = PBXFileReference; fileEncoding = 4; lastKnownFileType = sourcecode.c.h; path = apr_errno.h; sourceTree = "<group>"; };
		365175BF11C56E7100C68E6E /* apr_file_info.h */ = {isa = PBXFileReference; fileEncoding = 4; lastKnownFileType = sourcecode.c.h; path = apr_file_info.h; sourceTree = "<group>"; };
		365175C011C56E7100C68E6E /* apr_file_io.h */ = {isa = PBXFileReference; fileEncoding = 4; lastKnownFileType = sourcecode.c.h; path = apr_file_io.h; sourceTree = "<group>"; };
		365175C111C56E7100C68E6E /* apr_fnmatch.h */ = {isa = PBXFileReference; fileEncoding = 4; lastKnownFileType = sourcecode.c.h; path = apr_fnmatch.h; sourceTree = "<group>"; };
		365175C211C56E7100C68E6E /* apr_general.h */ = {isa = PBXFileReference; fileEncoding = 4; lastKnownFileType = sourcecode.c.h; path = apr_general.h; sourceTree = "<group>"; };
		365175C311C56E7100C68E6E /* apr_getopt.h */ = {isa = PBXFileReference; fileEncoding = 4; lastKnownFileType = sourcecode.c.h; path = apr_getopt.h; sourceTree = "<group>"; };
		365175C411C56E7100C68E6E /* apr_global_mutex.h */ = {isa = PBXFileReference; fileEncoding = 4; lastKnownFileType = sourcecode.c.h; path = apr_global_mutex.h; sourceTree = "<group>"; };
		365175C511C56E7100C68E6E /* apr_hash.h */ = {isa = PBXFileReference; fileEncoding = 4; lastKnownFileType = sourcecode.c.h; path = apr_hash.h; sourceTree = "<group>"; };
		365175C611C56E7100C68E6E /* apr_inherit.h */ = {isa = PBXFileReference; fileEncoding = 4; lastKnownFileType = sourcecode.c.h; path = apr_inherit.h; sourceTree = "<group>"; };
		365175C711C56E7100C68E6E /* apr_lib.h */ = {isa = PBXFileReference; fileEncoding = 4; lastKnownFileType = sourcecode.c.h; path = apr_lib.h; sourceTree = "<group>"; };
		365175C811C56E7100C68E6E /* apr_mmap.h */ = {isa = PBXFileReference; fileEncoding = 4; lastKnownFileType = sourcecode.c.h; path = apr_mmap.h; sourceTree = "<group>"; };
		365175C911C56E7100C68E6E /* apr_network_io.h */ = {isa = PBXFileReference; fileEncoding = 4; lastKnownFileType = sourcecode.c.h; path = apr_network_io.h; sourceTree = "<group>"; };
		365175CA11C56E7100C68E6E /* apr_poll.h */ = {isa = PBXFileReference; fileEncoding = 4; lastKnownFileType = sourcecode.c.h; path = apr_poll.h; sourceTree = "<group>"; };
		365175CB11C56E7100C68E6E /* apr_pools.h */ = {isa = PBXFileReference; fileEncoding = 4; lastKnownFileType = sourcecode.c.h; path = apr_pools.h; sourceTree = "<group>"; };
		365175CC11C56E7100C68E6E /* apr_portable.h */ = {isa = PBXFileReference; fileEncoding = 4; lastKnownFileType = sourcecode.c.h; path = apr_portable.h; sourceTree = "<group>"; };
		365175CD11C56E7100C68E6E /* apr_proc_mutex.h */ = {isa = PBXFileReference; fileEncoding = 4; lastKnownFileType = sourcecode.c.h; path = apr_proc_mutex.h; sourceTree = "<group>"; };
		365175CE11C56E7100C68E6E /* apr_random.h */ = {isa = PBXFileReference; fileEncoding = 4; lastKnownFileType = sourcecode.c.h; path = apr_random.h; sourceTree = "<group>"; };
		365175CF11C56E7100C68E6E /* apr_ring.h */ = {isa = PBXFileReference; fileEncoding = 4; lastKnownFileType = sourcecode.c.h; path = apr_ring.h; sourceTree = "<group>"; };
		365175D011C56E7100C68E6E /* apr_shm.h */ = {isa = PBXFileReference; fileEncoding = 4; lastKnownFileType = sourcecode.c.h; path = apr_shm.h; sourceTree = "<group>"; };
		365175D111C56E7100C68E6E /* apr_signal.h */ = {isa = PBXFileReference; fileEncoding = 4; lastKnownFileType = sourcecode.c.h; path = apr_signal.h; sourceTree = "<group>"; };
		365175D211C56E7100C68E6E /* apr_strings.h */ = {isa = PBXFileReference; fileEncoding = 4; lastKnownFileType = sourcecode.c.h; path = apr_strings.h; sourceTree = "<group>"; };
		365175D311C56E7100C68E6E /* apr_support.h */ = {isa = PBXFileReference; fileEncoding = 4; lastKnownFileType = sourcecode.c.h; path = apr_support.h; sourceTree = "<group>"; };
		365175D411C56E7100C68E6E /* apr_tables.h */ = {isa = PBXFileReference; fileEncoding = 4; lastKnownFileType = sourcecode.c.h; path = apr_tables.h; sourceTree = "<group>"; };
		365175D511C56E7100C68E6E /* apr_thread_cond.h */ = {isa = PBXFileReference; fileEncoding = 4; lastKnownFileType = sourcecode.c.h; path = apr_thread_cond.h; sourceTree = "<group>"; };
		365175D611C56E7100C68E6E /* apr_thread_mutex.h */ = {isa = PBXFileReference; fileEncoding = 4; lastKnownFileType = sourcecode.c.h; path = apr_thread_mutex.h; sourceTree = "<group>"; };
		365175D711C56E7100C68E6E /* apr_thread_proc.h */ = {isa = PBXFileReference; fileEncoding = 4; lastKnownFileType = sourcecode.c.h; path = apr_thread_proc.h; sourceTree = "<group>"; };
		365175D811C56E7100C68E6E /* apr_thread_rwlock.h */ = {isa = PBXFileReference; fileEncoding = 4; lastKnownFileType = sourcecode.c.h; path = apr_thread_rwlock.h; sourceTree = "<group>"; };
		365175D911C56E7100C68E6E /* apr_time.h */ = {isa = PBXFileReference; fileEncoding = 4; lastKnownFileType = sourcecode.c.h; path = apr_time.h; sourceTree = "<group>"; };
		365175DA11C56E7100C68E6E /* apr_user.h */ = {isa = PBXFileReference; fileEncoding = 4; lastKnownFileType = sourcecode.c.h; path = apr_user.h; sourceTree = "<group>"; };
		365175DB11C56E7100C68E6E /* apr_version.h */ = {isa = PBXFileReference; fileEncoding = 4; lastKnownFileType = sourcecode.c.h; path = apr_version.h; sourceTree = "<group>"; };
		365175DC11C56E7100C68E6E /* apr_want.h */ = {isa = PBXFileReference; fileEncoding = 4; lastKnownFileType = sourcecode.c.h; path = apr_want.h; sourceTree = "<group>"; };
		365175DD11C56E7100C68E6E /* portaudio.h */ = {isa = PBXFileReference; fileEncoding = 4; lastKnownFileType = sourcecode.c.h; path = portaudio.h; sourceTree = "<group>"; };
		365175DF11C56E7100C68E6E /* libapr-1.a */ = {isa = PBXFileReference; lastKnownFileType = archive.ar; path = "libapr-1.a"; sourceTree = "<group>"; };
		365175E011C56E7100C68E6E /* libportaudio.a */ = {isa = PBXFileReference; lastKnownFileType = archive.ar; path = libportaudio.a; sourceTree = "<group>"; };
		3651763211C56E8300C68E6E /* al_Camera.cpp */ = {isa = PBXFileReference; fileEncoding = 4; lastKnownFileType = sourcecode.cpp.cpp; path = al_Camera.cpp; sourceTree = "<group>"; };
		3651763311C56E8300C68E6E /* al_Debug.cpp */ = {isa = PBXFileReference; fileEncoding = 4; lastKnownFileType = sourcecode.cpp.cpp; path = al_Debug.cpp; sourceTree = "<group>"; };
		3651763411C56E8300C68E6E /* al_Light.cpp */ = {isa = PBXFileReference; fileEncoding = 4; lastKnownFileType = sourcecode.cpp.cpp; path = al_Light.cpp; sourceTree = "<group>"; };
		3651763511C56E8300C68E6E /* al_Shader.cpp */ = {isa = PBXFileReference; fileEncoding = 4; lastKnownFileType = sourcecode.cpp.cpp; path = al_Shader.cpp; sourceTree = "<group>"; };
		3651763611C56E8300C68E6E /* al_Texture.cpp */ = {isa = PBXFileReference; fileEncoding = 4; lastKnownFileType = sourcecode.cpp.cpp; path = al_Texture.cpp; sourceTree = "<group>"; };
		3651763811C56E8300C68E6E /* al_FBO.cpp */ = {isa = PBXFileReference; fileEncoding = 4; lastKnownFileType = sourcecode.cpp.cpp; path = al_FBO.cpp; sourceTree = "<group>"; };
		3651763A11C56E8300C68E6E /* al_AudioIO.cpp */ = {isa = PBXFileReference; fileEncoding = 4; lastKnownFileType = sourcecode.cpp.cpp; path = al_AudioIO.cpp; sourceTree = "<group>"; };
		3651763B11C56E8300C68E6E /* al_File.cpp */ = {isa = PBXFileReference; fileEncoding = 4; lastKnownFileType = sourcecode.cpp.cpp; path = al_File.cpp; sourceTree = "<group>"; };
		3651763C11C56E8300C68E6E /* al_SocketAPR.cpp */ = {isa = PBXFileReference; fileEncoding = 4; lastKnownFileType = sourcecode.cpp.cpp; path = al_SocketAPR.cpp; sourceTree = "<group>"; };
		3651763D11C56E8300C68E6E /* al_WindowGL.cpp */ = {isa = PBXFileReference; fileEncoding = 4; lastKnownFileType = sourcecode.cpp.cpp; path = al_WindowGL.cpp; sourceTree = "<group>"; };
		3651763E11C56E8300C68E6E /* al_WindowGLUT.cpp */ = {isa = PBXFileReference; fileEncoding = 4; lastKnownFileType = sourcecode.cpp.cpp; path = al_WindowGLUT.cpp; sourceTree = "<group>"; };
		3651763F11C56E8300C68E6E /* Makefile.config */ = {isa = PBXFileReference; fileEncoding = 4; lastKnownFileType = text; path = Makefile.config; sourceTree = "<group>"; };
		3651764111C56E8300C68E6E /* al_ImplAPR.h */ = {isa = PBXFileReference; fileEncoding = 4; lastKnownFileType = sourcecode.c.h; path = al_ImplAPR.h; sourceTree = "<group>"; };
		3651764311C56E8300C68E6E /* al_Graphics.cpp */ = {isa = PBXFileReference; fileEncoding = 4; lastKnownFileType = sourcecode.cpp.cpp; path = al_Graphics.cpp; sourceTree = "<group>"; };
		3651764411C56E8300C68E6E /* al_GraphicsOpenGL.cpp */ = {isa = PBXFileReference; fileEncoding = 4; lastKnownFileType = sourcecode.cpp.cpp; path = al_GraphicsOpenGL.cpp; sourceTree = "<group>"; };
		3651764511C56E8300C68E6E /* al_GraphicsOpenGLES1.cpp */ = {isa = PBXFileReference; fileEncoding = 4; lastKnownFileType = sourcecode.cpp.cpp; path = al_GraphicsOpenGLES1.cpp; sourceTree = "<group>"; };
		3651764611C56E8300C68E6E /* al_GraphicsOpenGLES2.cpp */ = {isa = PBXFileReference; fileEncoding = 4; lastKnownFileType = sourcecode.cpp.cpp; path = al_GraphicsOpenGLES2.cpp; sourceTree = "<group>"; };
		3651764711C56E8300C68E6E /* al_OSC.cpp */ = {isa = PBXFileReference; fileEncoding = 4; lastKnownFileType = sourcecode.cpp.cpp; path = al_OSC.cpp; sourceTree = "<group>"; };
		3651764811C56E8300C68E6E /* al_OSCAPR.cpp */ = {isa = PBXFileReference; fileEncoding = 4; lastKnownFileType = sourcecode.cpp.cpp; path = al_OSCAPR.cpp; sourceTree = "<group>"; };
		3651764911C56E8300C68E6E /* al_Serialize.cpp */ = {isa = PBXFileReference; fileEncoding = 4; lastKnownFileType = sourcecode.cpp.cpp; path = al_Serialize.cpp; sourceTree = "<group>"; };
		3651764A11C56E8300C68E6E /* Makefile.config */ = {isa = PBXFileReference; fileEncoding = 4; lastKnownFileType = text; path = Makefile.config; sourceTree = "<group>"; };
		3651764C11C56E8300C68E6E /* IpEndpointName.cpp */ = {isa = PBXFileReference; fileEncoding = 4; lastKnownFileType = sourcecode.cpp.cpp; path = IpEndpointName.cpp; sourceTree = "<group>"; };
		3651764D11C56E8300C68E6E /* OscOutboundPacketStream.cpp */ = {isa = PBXFileReference; fileEncoding = 4; lastKnownFileType = sourcecode.cpp.cpp; path = OscOutboundPacketStream.cpp; sourceTree = "<group>"; };
		3651764E11C56E8300C68E6E /* OscPrintReceivedElements.cpp */ = {isa = PBXFileReference; fileEncoding = 4; lastKnownFileType = sourcecode.cpp.cpp; path = OscPrintReceivedElements.cpp; sourceTree = "<group>"; };
		3651764F11C56E8300C68E6E /* OscReceivedElements.cpp */ = {isa = PBXFileReference; fileEncoding = 4; lastKnownFileType = sourcecode.cpp.cpp; path = OscReceivedElements.cpp; sourceTree = "<group>"; };
		3651765011C56E8300C68E6E /* OscTypes.cpp */ = {isa = PBXFileReference; fileEncoding = 4; lastKnownFileType = sourcecode.cpp.cpp; path = OscTypes.cpp; sourceTree = "<group>"; };
		3651765211C56E8300C68E6E /* NetworkingUtils.cpp */ = {isa = PBXFileReference; fileEncoding = 4; lastKnownFileType = sourcecode.cpp.cpp; path = NetworkingUtils.cpp; sourceTree = "<group>"; };
		3651765311C56E8300C68E6E /* UdpSocket.cpp */ = {isa = PBXFileReference; fileEncoding = 4; lastKnownFileType = sourcecode.cpp.cpp; path = UdpSocket.cpp; sourceTree = "<group>"; };
		3651765511C56E8300C68E6E /* NetworkingUtils.cpp */ = {isa = PBXFileReference; fileEncoding = 4; lastKnownFileType = sourcecode.cpp.cpp; path = NetworkingUtils.cpp; sourceTree = "<group>"; };
		3651765611C56E8300C68E6E /* UdpSocket.cpp */ = {isa = PBXFileReference; fileEncoding = 4; lastKnownFileType = sourcecode.cpp.cpp; path = UdpSocket.cpp; sourceTree = "<group>"; };
		3651765811C56E8300C68E6E /* al_Config.cpp */ = {isa = PBXFileReference; fileEncoding = 4; lastKnownFileType = sourcecode.cpp.cpp; path = al_Config.cpp; sourceTree = "<group>"; };
		3651765911C56E8300C68E6E /* al_MainLoop.cpp */ = {isa = PBXFileReference; fileEncoding = 4; lastKnownFileType = sourcecode.cpp.cpp; path = al_MainLoop.cpp; sourceTree = "<group>"; };
		3651765A11C56E8300C68E6E /* al_MainLoopOSX.mm */ = {isa = PBXFileReference; fileEncoding = 4; lastKnownFileType = sourcecode.cpp.objcpp; path = al_MainLoopOSX.mm; sourceTree = "<group>"; };
		3651765B11C56E8300C68E6E /* al_Printing.cpp */ = {isa = PBXFileReference; fileEncoding = 4; lastKnownFileType = sourcecode.cpp.cpp; path = al_Printing.cpp; sourceTree = "<group>"; };
		3651765C11C56E8300C68E6E /* al_Time.cpp */ = {isa = PBXFileReference; fileEncoding = 4; lastKnownFileType = sourcecode.cpp.cpp; path = al_Time.cpp; sourceTree = "<group>"; };
		3651765D11C56E8300C68E6E /* al_TimeAPR.cpp */ = {isa = PBXFileReference; fileEncoding = 4; lastKnownFileType = sourcecode.cpp.cpp; path = al_TimeAPR.cpp; sourceTree = "<group>"; };
		3651765E11C56E8300C68E6E /* Makefile.config */ = {isa = PBXFileReference; fileEncoding = 4; lastKnownFileType = text; path = Makefile.config; sourceTree = "<group>"; };
		3651766011C56E8300C68E6E /* al_Color.cpp */ = {isa = PBXFileReference; fileEncoding = 4; lastKnownFileType = sourcecode.cpp.cpp; path = al_Color.cpp; sourceTree = "<group>"; };
		3651766111C56E8300C68E6E /* al_msg.cpp */ = {isa = PBXFileReference; fileEncoding = 4; lastKnownFileType = sourcecode.cpp.cpp; path = al_msg.cpp; sourceTree = "<group>"; };
		3651766211C56E8300C68E6E /* al_quat.cpp */ = {isa = PBXFileReference; fileEncoding = 4; lastKnownFileType = sourcecode.cpp.cpp; path = al_quat.cpp; sourceTree = "<group>"; };
		3651766311C56E8300C68E6E /* al_socktube.c */ = {isa = PBXFileReference; fileEncoding = 4; lastKnownFileType = sourcecode.c.c; path = al_socktube.c; sourceTree = "<group>"; };
		3651766511C56E8300C68E6E /* config.h */ = {isa = PBXFileReference; fileEncoding = 4; lastKnownFileType = sourcecode.c.h; path = config.h; sourceTree = "<group>"; };
		3651766611C56E8300C68E6E /* ringbuffer.c */ = {isa = PBXFileReference; fileEncoding = 4; lastKnownFileType = sourcecode.c.c; path = ringbuffer.c; sourceTree = "<group>"; };
		3651766711C56E8300C68E6E /* Makefile.config */ = {isa = PBXFileReference; fileEncoding = 4; lastKnownFileType = text; path = Makefile.config; sourceTree = "<group>"; };
		3651766911C56E8300C68E6E /* test.c */ = {isa = PBXFileReference; fileEncoding = 4; lastKnownFileType = sourcecode.c.c; path = test.c; sourceTree = "<group>"; };
		3651766A11C56E8300C68E6E /* test.cpp */ = {isa = PBXFileReference; fileEncoding = 4; lastKnownFileType = sourcecode.cpp.cpp; path = test.cpp; sourceTree = "<group>"; };
		3651766B11C56E8300C68E6E /* test_portaudio.c */ = {isa = PBXFileReference; fileEncoding = 4; lastKnownFileType = sourcecode.c.c; path = test_portaudio.c; sourceTree = "<group>"; };
		3651769911C56E9D00C68E6E /* al_BufferObject.hpp */ = {isa = PBXFileReference; fileEncoding = 4; lastKnownFileType = sourcecode.cpp.h; path = al_BufferObject.hpp; sourceTree = "<group>"; };
		3651769A11C56E9D00C68E6E /* al_Camera.hpp */ = {isa = PBXFileReference; fileEncoding = 4; lastKnownFileType = sourcecode.cpp.h; path = al_Camera.hpp; sourceTree = "<group>"; };
		3651769B11C56E9D00C68E6E /* al_Common.hpp */ = {isa = PBXFileReference; fileEncoding = 4; lastKnownFileType = sourcecode.cpp.h; path = al_Common.hpp; sourceTree = "<group>"; };
		3651769C11C56E9D00C68E6E /* al_Config.h */ = {isa = PBXFileReference; fileEncoding = 4; lastKnownFileType = sourcecode.c.h; path = al_Config.h; sourceTree = "<group>"; };
		3651769D11C56E9D00C68E6E /* al_Debug.hpp */ = {isa = PBXFileReference; fileEncoding = 4; lastKnownFileType = sourcecode.cpp.h; path = al_Debug.hpp; sourceTree = "<group>"; };
		3651769E11C56E9D00C68E6E /* al_GPUObject.hpp */ = {isa = PBXFileReference; fileEncoding = 4; lastKnownFileType = sourcecode.cpp.h; path = al_GPUObject.hpp; sourceTree = "<group>"; };
		3651769F11C56E9D00C68E6E /* al_Light.hpp */ = {isa = PBXFileReference; fileEncoding = 4; lastKnownFileType = sourcecode.cpp.h; path = al_Light.hpp; sourceTree = "<group>"; };
		365176A011C56E9D00C68E6E /* al_Shader.hpp */ = {isa = PBXFileReference; fileEncoding = 4; lastKnownFileType = sourcecode.cpp.h; path = al_Shader.hpp; sourceTree = "<group>"; };
		365176A111C56E9D00C68E6E /* al_Texture.hpp */ = {isa = PBXFileReference; fileEncoding = 4; lastKnownFileType = sourcecode.cpp.h; path = al_Texture.hpp; sourceTree = "<group>"; };
		365176A211C56E9D00C68E6E /* OpenGLSupport.txt */ = {isa = PBXFileReference; fileEncoding = 4; lastKnownFileType = text; path = OpenGLSupport.txt; sourceTree = "<group>"; };
		365176A411C56E9D00C68E6E /* al_FBO.hpp */ = {isa = PBXFileReference; fileEncoding = 4; lastKnownFileType = sourcecode.cpp.h; path = al_FBO.hpp; sourceTree = "<group>"; };
		365176A611C56E9D00C68E6E /* al_AudioIO.hpp */ = {isa = PBXFileReference; fileEncoding = 4; lastKnownFileType = sourcecode.cpp.h; path = al_AudioIO.hpp; sourceTree = "<group>"; };
		365176A711C56E9D00C68E6E /* al_File.hpp */ = {isa = PBXFileReference; fileEncoding = 4; lastKnownFileType = sourcecode.cpp.h; path = al_File.hpp; sourceTree = "<group>"; };
		365176A811C56E9D00C68E6E /* al_Socket.hpp */ = {isa = PBXFileReference; fileEncoding = 4; lastKnownFileType = sourcecode.cpp.h; path = al_Socket.hpp; sourceTree = "<group>"; };
		365176A911C56E9D00C68E6E /* al_WindowGL.hpp */ = {isa = PBXFileReference; fileEncoding = 4; lastKnownFileType = sourcecode.cpp.h; path = al_WindowGL.hpp; sourceTree = "<group>"; };
		365176AB11C56E9D00C68E6E /* al_Complex.hpp */ = {isa = PBXFileReference; fileEncoding = 4; lastKnownFileType = sourcecode.cpp.h; path = al_Complex.hpp; sourceTree = "<group>"; };
		365176AC11C56E9D00C68E6E /* al_Constants.hpp */ = {isa = PBXFileReference; fileEncoding = 4; lastKnownFileType = sourcecode.cpp.h; path = al_Constants.hpp; sourceTree = "<group>"; };
		365176AD11C56E9D00C68E6E /* al_Frustum.hpp */ = {isa = PBXFileReference; fileEncoding = 4; lastKnownFileType = sourcecode.cpp.h; path = al_Frustum.hpp; sourceTree = "<group>"; };
		365176AE11C56E9D00C68E6E /* al_Functions.hpp */ = {isa = PBXFileReference; fileEncoding = 4; lastKnownFileType = sourcecode.cpp.h; path = al_Functions.hpp; sourceTree = "<group>"; };
		365176AF11C56E9D00C68E6E /* al_Generators.hpp */ = {isa = PBXFileReference; fileEncoding = 4; lastKnownFileType = sourcecode.cpp.h; path = al_Generators.hpp; sourceTree = "<group>"; };
		365176B011C56E9D00C68E6E /* al_Interpolation.hpp */ = {isa = PBXFileReference; fileEncoding = 4; lastKnownFileType = sourcecode.cpp.h; path = al_Interpolation.hpp; sourceTree = "<group>"; };
		365176B111C56E9D00C68E6E /* al_Plane.hpp */ = {isa = PBXFileReference; fileEncoding = 4; lastKnownFileType = sourcecode.cpp.h; path = al_Plane.hpp; sourceTree = "<group>"; };
		365176B211C56E9D00C68E6E /* al_Quat.h */ = {isa = PBXFileReference; fileEncoding = 4; lastKnownFileType = sourcecode.c.h; path = al_Quat.h; sourceTree = "<group>"; };
		365176B311C56E9D00C68E6E /* al_Quat.hpp */ = {isa = PBXFileReference; fileEncoding = 4; lastKnownFileType = sourcecode.cpp.h; path = al_Quat.hpp; sourceTree = "<group>"; };
		365176B411C56E9D00C68E6E /* al_Random.hpp */ = {isa = PBXFileReference; fileEncoding = 4; lastKnownFileType = sourcecode.cpp.h; path = al_Random.hpp; sourceTree = "<group>"; };
		365176B511C56E9D00C68E6E /* al_Vec.hpp */ = {isa = PBXFileReference; fileEncoding = 4; lastKnownFileType = sourcecode.cpp.h; path = al_Vec.hpp; sourceTree = "<group>"; };
		365176B711C56E9D00C68E6E /* al_Graphics.hpp */ = {isa = PBXFileReference; fileEncoding = 4; lastKnownFileType = sourcecode.cpp.h; path = al_Graphics.hpp; sourceTree = "<group>"; };
		365176B811C56E9D00C68E6E /* al_OSC.hpp */ = {isa = PBXFileReference; fileEncoding = 4; lastKnownFileType = sourcecode.cpp.h; path = al_OSC.hpp; sourceTree = "<group>"; };
		365176B911C56E9D00C68E6E /* al_OSCAPR.hpp */ = {isa = PBXFileReference; fileEncoding = 4; lastKnownFileType = sourcecode.cpp.h; path = al_OSCAPR.hpp; sourceTree = "<group>"; };
		365176BA11C56E9D00C68E6E /* al_Serialize.h */ = {isa = PBXFileReference; fileEncoding = 4; lastKnownFileType = sourcecode.c.h; path = al_Serialize.h; sourceTree = "<group>"; };
		365176BB11C56E9D00C68E6E /* al_Serialize.hpp */ = {isa = PBXFileReference; fileEncoding = 4; lastKnownFileType = sourcecode.cpp.h; path = al_Serialize.hpp; sourceTree = "<group>"; };
		365176BE11C56E9D00C68E6E /* IpEndpointName.h */ = {isa = PBXFileReference; fileEncoding = 4; lastKnownFileType = sourcecode.c.h; path = IpEndpointName.h; sourceTree = "<group>"; };
		365176BF11C56E9D00C68E6E /* NetworkingUtils.h */ = {isa = PBXFileReference; fileEncoding = 4; lastKnownFileType = sourcecode.c.h; path = NetworkingUtils.h; sourceTree = "<group>"; };
		365176C011C56E9D00C68E6E /* PacketListener.h */ = {isa = PBXFileReference; fileEncoding = 4; lastKnownFileType = sourcecode.c.h; path = PacketListener.h; sourceTree = "<group>"; };
		365176C111C56E9D00C68E6E /* TimerListener.h */ = {isa = PBXFileReference; fileEncoding = 4; lastKnownFileType = sourcecode.c.h; path = TimerListener.h; sourceTree = "<group>"; };
		365176C211C56E9D00C68E6E /* UdpSocket.h */ = {isa = PBXFileReference; fileEncoding = 4; lastKnownFileType = sourcecode.c.h; path = UdpSocket.h; sourceTree = "<group>"; };
		365176C411C56E9D00C68E6E /* MessageMappingOscPacketListener.h */ = {isa = PBXFileReference; fileEncoding = 4; lastKnownFileType = sourcecode.c.h; path = MessageMappingOscPacketListener.h; sourceTree = "<group>"; };
		365176C511C56E9D00C68E6E /* OscException.h */ = {isa = PBXFileReference; fileEncoding = 4; lastKnownFileType = sourcecode.c.h; path = OscException.h; sourceTree = "<group>"; };
		365176C611C56E9D00C68E6E /* OscHostEndianness.h */ = {isa = PBXFileReference; fileEncoding = 4; lastKnownFileType = sourcecode.c.h; path = OscHostEndianness.h; sourceTree = "<group>"; };
		365176C711C56E9D00C68E6E /* OscOutboundPacketStream.h */ = {isa = PBXFileReference; fileEncoding = 4; lastKnownFileType = sourcecode.c.h; path = OscOutboundPacketStream.h; sourceTree = "<group>"; };
		365176C811C56E9D00C68E6E /* OscPacketListener.h */ = {isa = PBXFileReference; fileEncoding = 4; lastKnownFileType = sourcecode.c.h; path = OscPacketListener.h; sourceTree = "<group>"; };
		365176C911C56E9D00C68E6E /* OscPrintReceivedElements.h */ = {isa = PBXFileReference; fileEncoding = 4; lastKnownFileType = sourcecode.c.h; path = OscPrintReceivedElements.h; sourceTree = "<group>"; };
		365176CA11C56E9D00C68E6E /* OscReceivedElements.h */ = {isa = PBXFileReference; fileEncoding = 4; lastKnownFileType = sourcecode.c.h; path = OscReceivedElements.h; sourceTree = "<group>"; };
		365176CB11C56E9D00C68E6E /* OscTypes.h */ = {isa = PBXFileReference; fileEncoding = 4; lastKnownFileType = sourcecode.c.h; path = OscTypes.h; sourceTree = "<group>"; };
		365176CD11C56E9D00C68E6E /* al_Ambisonics.h */ = {isa = PBXFileReference; fileEncoding = 4; lastKnownFileType = sourcecode.c.h; path = al_Ambisonics.h; sourceTree = "<group>"; };
		365176CF11C56E9D00C68E6E /* al_Config.h */ = {isa = PBXFileReference; fileEncoding = 4; lastKnownFileType = sourcecode.c.h; path = al_Config.h; sourceTree = "<group>"; };
		365176D011C56E9D00C68E6E /* al_MainLoop.h */ = {isa = PBXFileReference; fileEncoding = 4; lastKnownFileType = sourcecode.c.h; path = al_MainLoop.h; sourceTree = "<group>"; };
		365176D111C56E9D00C68E6E /* al_Printing.hpp */ = {isa = PBXFileReference; fileEncoding = 4; lastKnownFileType = sourcecode.cpp.h; path = al_Printing.hpp; sourceTree = "<group>"; };
		365176D211C56E9D00C68E6E /* al_Thread.h */ = {isa = PBXFileReference; fileEncoding = 4; lastKnownFileType = sourcecode.c.h; path = al_Thread.h; sourceTree = "<group>"; };
		365176D311C56E9D00C68E6E /* al_Thread.hpp */ = {isa = PBXFileReference; fileEncoding = 4; lastKnownFileType = sourcecode.cpp.h; path = al_Thread.hpp; sourceTree = "<group>"; };
		365176D411C56E9D00C68E6E /* al_Time.h */ = {isa = PBXFileReference; fileEncoding = 4; lastKnownFileType = sourcecode.c.h; path = al_Time.h; sourceTree = "<group>"; };
		365176D511C56E9D00C68E6E /* al_Time.hpp */ = {isa = PBXFileReference; fileEncoding = 4; lastKnownFileType = sourcecode.cpp.h; path = al_Time.hpp; sourceTree = "<group>"; };
		365176D611C56E9D00C68E6E /* pstdint.h */ = {isa = PBXFileReference; fileEncoding = 4; lastKnownFileType = sourcecode.c.h; path = pstdint.h; sourceTree = "<group>"; };
		365176D811C56E9D00C68E6E /* al_Buffer.hpp */ = {isa = PBXFileReference; fileEncoding = 4; lastKnownFileType = sourcecode.cpp.h; path = al_Buffer.hpp; sourceTree = "<group>"; };
		365176D911C56E9D00C68E6E /* al_Color.hpp */ = {isa = PBXFileReference; fileEncoding = 4; lastKnownFileType = sourcecode.cpp.h; path = al_Color.hpp; sourceTree = "<group>"; };
		365176DA11C56E9D00C68E6E /* al_Conversion.hpp */ = {isa = PBXFileReference; fileEncoding = 4; lastKnownFileType = sourcecode.cpp.h; path = al_Conversion.hpp; sourceTree = "<group>"; };
		365176DB11C56E9D00C68E6E /* al_MsgTube.hpp */ = {isa = PBXFileReference; fileEncoding = 4; lastKnownFileType = sourcecode.cpp.h; path = al_MsgTube.hpp; sourceTree = "<group>"; };
		365176DC11C56E9D00C68E6E /* al_pq.h */ = {isa = PBXFileReference; fileEncoding = 4; lastKnownFileType = sourcecode.c.h; path = al_pq.h; sourceTree = "<group>"; };
		365176DD11C56E9D00C68E6E /* al_pq.hpp */ = {isa = PBXFileReference; fileEncoding = 4; lastKnownFileType = sourcecode.cpp.h; path = al_pq.hpp; sourceTree = "<group>"; };
		365176DE11C56E9D00C68E6E /* al_socktube.h */ = {isa = PBXFileReference; fileEncoding = 4; lastKnownFileType = sourcecode.c.h; path = al_socktube.h; sourceTree = "<group>"; };
		365176DF11C56E9D00C68E6E /* al_tube.h */ = {isa = PBXFileReference; fileEncoding = 4; lastKnownFileType = sourcecode.c.h; path = al_tube.h; sourceTree = "<group>"; };
		365176E011C56E9D00C68E6E /* al_tube.hpp */ = {isa = PBXFileReference; fileEncoding = 4; lastKnownFileType = sourcecode.cpp.h; path = al_tube.hpp; sourceTree = "<group>"; };
		365176E111C56E9D00C68E6E /* al_types.h */ = {isa = PBXFileReference; fileEncoding = 4; lastKnownFileType = sourcecode.c.h; path = al_types.h; sourceTree = "<group>"; };
		365176E211C56E9D00C68E6E /* al_types.hpp */ = {isa = PBXFileReference; fileEncoding = 4; lastKnownFileType = sourcecode.cpp.h; path = al_types.hpp; sourceTree = "<group>"; };
		365176E311C56E9D00C68E6E /* al_VectorBuffer.hpp */ = {isa = PBXFileReference; fileEncoding = 4; lastKnownFileType = sourcecode.cpp.h; path = al_VectorBuffer.hpp; sourceTree = "<group>"; };
		365176E511C56E9D00C68E6E /* ringbuffer.h */ = {isa = PBXFileReference; fileEncoding = 4; lastKnownFileType = sourcecode.c.h; path = ringbuffer.h; sourceTree = "<group>"; };
		365176EE11C56F7D00C68E6E /* AudioToolbox.framework */ = {isa = PBXFileReference; lastKnownFileType = wrapper.framework; name = AudioToolbox.framework; path = System/Library/Frameworks/AudioToolbox.framework; sourceTree = SDKROOT; };
		365176F011C56F7D00C68E6E /* AudioUnit.framework */ = {isa = PBXFileReference; lastKnownFileType = wrapper.framework; name = AudioUnit.framework; path = System/Library/Frameworks/AudioUnit.framework; sourceTree = SDKROOT; };
		365176F211C56F7D00C68E6E /* Cocoa.framework */ = {isa = PBXFileReference; lastKnownFileType = wrapper.framework; name = Cocoa.framework; path = System/Library/Frameworks/Cocoa.framework; sourceTree = SDKROOT; };
		365176F411C56F7D00C68E6E /* CoreAudio.framework */ = {isa = PBXFileReference; lastKnownFileType = wrapper.framework; name = CoreAudio.framework; path = System/Library/Frameworks/CoreAudio.framework; sourceTree = SDKROOT; };
		365176F611C56F7D00C68E6E /* GLUT.framework */ = {isa = PBXFileReference; lastKnownFileType = wrapper.framework; name = GLUT.framework; path = System/Library/Frameworks/GLUT.framework; sourceTree = SDKROOT; };
		365176F811C56F7D00C68E6E /* OpenGL.framework */ = {isa = PBXFileReference; lastKnownFileType = wrapper.framework; name = OpenGL.framework; path = System/Library/Frameworks/OpenGL.framework; sourceTree = SDKROOT; };
		8DD76F6C0486A84900D96B5E /* exAlloLua */ = {isa = PBXFileReference; explicitFileType = "compiled.mach-o.executable"; includeInIndex = 0; path = exAlloLua; sourceTree = BUILT_PRODUCTS_DIR; };
		C6859E8B029090EE04C91782 /* exAlloLua.1 */ = {isa = PBXFileReference; lastKnownFileType = text.man; path = exAlloLua.1; sourceTree = "<group>"; };
/* End PBXFileReference section */

/* Begin PBXFrameworksBuildPhase section */
		8DD76F660486A84900D96B5E /* Frameworks */ = {
			isa = PBXFrameworksBuildPhase;
			buildActionMask = 2147483647;
			files = (
				365176E811C56EB100C68E6E /* libapr-1.a in Frameworks */,
				365176E911C56EB100C68E6E /* libportaudio.a in Frameworks */,
				365176EF11C56F7D00C68E6E /* AudioToolbox.framework in Frameworks */,
				365176F111C56F7D00C68E6E /* AudioUnit.framework in Frameworks */,
				365176F311C56F7D00C68E6E /* Cocoa.framework in Frameworks */,
				365176F511C56F7D00C68E6E /* CoreAudio.framework in Frameworks */,
				365176F711C56F7D00C68E6E /* GLUT.framework in Frameworks */,
				365176F911C56F7D00C68E6E /* OpenGL.framework in Frameworks */,
			);
			runOnlyForDeploymentPostprocessing = 0;
		};
/* End PBXFrameworksBuildPhase section */

/* Begin PBXGroup section */
		08FB7794FE84155DC02AAC07 /* exAlloLua */ = {
			isa = PBXGroup;
			children = (
				08FB7795FE84155DC02AAC07 /* Source */,
				3651769711C56E9D00C68E6E /* include */,
				3651763011C56E8300C68E6E /* src */,
				3651752F11C56E7100C68E6E /* dev */,
				3651778111C5734C00C68E6E /* libs */,
				C6859E8C029090F304C91782 /* Documentation */,
				1AB674ADFE9D54B511CA2CBB /* Products */,
			);
			name = exAlloLua;
			sourceTree = "<group>";
		};
		08FB7795FE84155DC02AAC07 /* Source */ = {
			isa = PBXGroup;
			children = (
				08FB7796FE84155DC02AAC07 /* main.cpp */,
			);
			name = Source;
			sourceTree = "<group>";
		};
		1AB674ADFE9D54B511CA2CBB /* Products */ = {
			isa = PBXGroup;
			children = (
				8DD76F6C0486A84900D96B5E /* exAlloLua */,
			);
			name = Products;
			sourceTree = "<group>";
		};
		3651752F11C56E7100C68E6E /* dev */ = {
			isa = PBXGroup;
			children = (
				365175B611C56E7100C68E6E /* osx */,
			);
			name = dev;
			path = ../../dev;
			sourceTree = SOURCE_ROOT;
		};
		365175B611C56E7100C68E6E /* osx */ = {
			isa = PBXGroup;
			children = (
				365175B711C56E7100C68E6E /* include */,
				365175DE11C56E7100C68E6E /* lib */,
			);
			path = osx;
			sourceTree = "<group>";
		};
		365175B711C56E7100C68E6E /* include */ = {
			isa = PBXGroup;
			children = (
				365175B811C56E7100C68E6E /* apr-1 */,
				365175DD11C56E7100C68E6E /* portaudio.h */,
			);
			path = include;
			sourceTree = "<group>";
		};
		365175B811C56E7100C68E6E /* apr-1 */ = {
			isa = PBXGroup;
			children = (
				365175B911C56E7100C68E6E /* apr.h */,
				365175BA11C56E7100C68E6E /* apr_allocator.h */,
				365175BB11C56E7100C68E6E /* apr_atomic.h */,
				365175BC11C56E7100C68E6E /* apr_dso.h */,
				365175BD11C56E7100C68E6E /* apr_env.h */,
				365175BE11C56E7100C68E6E /* apr_errno.h */,
				365175BF11C56E7100C68E6E /* apr_file_info.h */,
				365175C011C56E7100C68E6E /* apr_file_io.h */,
				365175C111C56E7100C68E6E /* apr_fnmatch.h */,
				365175C211C56E7100C68E6E /* apr_general.h */,
				365175C311C56E7100C68E6E /* apr_getopt.h */,
				365175C411C56E7100C68E6E /* apr_global_mutex.h */,
				365175C511C56E7100C68E6E /* apr_hash.h */,
				365175C611C56E7100C68E6E /* apr_inherit.h */,
				365175C711C56E7100C68E6E /* apr_lib.h */,
				365175C811C56E7100C68E6E /* apr_mmap.h */,
				365175C911C56E7100C68E6E /* apr_network_io.h */,
				365175CA11C56E7100C68E6E /* apr_poll.h */,
				365175CB11C56E7100C68E6E /* apr_pools.h */,
				365175CC11C56E7100C68E6E /* apr_portable.h */,
				365175CD11C56E7100C68E6E /* apr_proc_mutex.h */,
				365175CE11C56E7100C68E6E /* apr_random.h */,
				365175CF11C56E7100C68E6E /* apr_ring.h */,
				365175D011C56E7100C68E6E /* apr_shm.h */,
				365175D111C56E7100C68E6E /* apr_signal.h */,
				365175D211C56E7100C68E6E /* apr_strings.h */,
				365175D311C56E7100C68E6E /* apr_support.h */,
				365175D411C56E7100C68E6E /* apr_tables.h */,
				365175D511C56E7100C68E6E /* apr_thread_cond.h */,
				365175D611C56E7100C68E6E /* apr_thread_mutex.h */,
				365175D711C56E7100C68E6E /* apr_thread_proc.h */,
				365175D811C56E7100C68E6E /* apr_thread_rwlock.h */,
				365175D911C56E7100C68E6E /* apr_time.h */,
				365175DA11C56E7100C68E6E /* apr_user.h */,
				365175DB11C56E7100C68E6E /* apr_version.h */,
				365175DC11C56E7100C68E6E /* apr_want.h */,
			);
			path = "apr-1";
			sourceTree = "<group>";
		};
		365175DE11C56E7100C68E6E /* lib */ = {
			isa = PBXGroup;
			children = (
				365175DF11C56E7100C68E6E /* libapr-1.a */,
				365175E011C56E7100C68E6E /* libportaudio.a */,
			);
			path = lib;
			sourceTree = "<group>";
		};
		3651763011C56E8300C68E6E /* src */ = {
			isa = PBXGroup;
			children = (
				3651763111C56E8300C68E6E /* graphics */,
				3651763911C56E8300C68E6E /* io */,
				3651764011C56E8300C68E6E /* private */,
				3651764211C56E8300C68E6E /* protocol */,
				3651765711C56E8300C68E6E /* system */,
				3651765F11C56E8300C68E6E /* types */,
			);
			name = src;
			path = ../../src;
			sourceTree = SOURCE_ROOT;
		};
		3651763111C56E8300C68E6E /* graphics */ = {
			isa = PBXGroup;
			children = (
				3651763211C56E8300C68E6E /* al_Camera.cpp */,
				3651763311C56E8300C68E6E /* al_Debug.cpp */,
				3651763411C56E8300C68E6E /* al_Light.cpp */,
				3651763511C56E8300C68E6E /* al_Shader.cpp */,
				3651763611C56E8300C68E6E /* al_Texture.cpp */,
				3651763711C56E8300C68E6E /* pending */,
			);
			path = graphics;
			sourceTree = "<group>";
		};
		3651763711C56E8300C68E6E /* pending */ = {
			isa = PBXGroup;
			children = (
				3651763811C56E8300C68E6E /* al_FBO.cpp */,
			);
			path = pending;
			sourceTree = "<group>";
		};
		3651763911C56E8300C68E6E /* io */ = {
			isa = PBXGroup;
			children = (
				3651763A11C56E8300C68E6E /* al_AudioIO.cpp */,
				3651763B11C56E8300C68E6E /* al_File.cpp */,
				3651763C11C56E8300C68E6E /* al_SocketAPR.cpp */,
				3651763D11C56E8300C68E6E /* al_WindowGL.cpp */,
				3651763E11C56E8300C68E6E /* al_WindowGLUT.cpp */,
				3651763F11C56E8300C68E6E /* Makefile.config */,
			);
			path = io;
			sourceTree = "<group>";
		};
		3651764011C56E8300C68E6E /* private */ = {
			isa = PBXGroup;
			children = (
				3651764111C56E8300C68E6E /* al_ImplAPR.h */,
			);
			path = private;
			sourceTree = "<group>";
		};
		3651764211C56E8300C68E6E /* protocol */ = {
			isa = PBXGroup;
			children = (
				3651764311C56E8300C68E6E /* al_Graphics.cpp */,
				3651764411C56E8300C68E6E /* al_GraphicsOpenGL.cpp */,
				3651764511C56E8300C68E6E /* al_GraphicsOpenGLES1.cpp */,
				3651764611C56E8300C68E6E /* al_GraphicsOpenGLES2.cpp */,
				3651764711C56E8300C68E6E /* al_OSC.cpp */,
				3651764811C56E8300C68E6E /* al_OSCAPR.cpp */,
				3651764911C56E8300C68E6E /* al_Serialize.cpp */,
				3651764A11C56E8300C68E6E /* Makefile.config */,
				3651764B11C56E8300C68E6E /* oscpack */,
			);
			path = protocol;
			sourceTree = "<group>";
		};
		3651764B11C56E8300C68E6E /* oscpack */ = {
			isa = PBXGroup;
			children = (
				3651764C11C56E8300C68E6E /* IpEndpointName.cpp */,
				3651764D11C56E8300C68E6E /* OscOutboundPacketStream.cpp */,
				3651764E11C56E8300C68E6E /* OscPrintReceivedElements.cpp */,
				3651764F11C56E8300C68E6E /* OscReceivedElements.cpp */,
				3651765011C56E8300C68E6E /* OscTypes.cpp */,
				3651765111C56E8300C68E6E /* posix */,
				3651765411C56E8300C68E6E /* win32 */,
			);
			path = oscpack;
			sourceTree = "<group>";
		};
		3651765111C56E8300C68E6E /* posix */ = {
			isa = PBXGroup;
			children = (
				3651765211C56E8300C68E6E /* NetworkingUtils.cpp */,
				3651765311C56E8300C68E6E /* UdpSocket.cpp */,
			);
			path = posix;
			sourceTree = "<group>";
		};
		3651765411C56E8300C68E6E /* win32 */ = {
			isa = PBXGroup;
			children = (
				3651765511C56E8300C68E6E /* NetworkingUtils.cpp */,
				3651765611C56E8300C68E6E /* UdpSocket.cpp */,
			);
			path = win32;
			sourceTree = "<group>";
		};
		3651765711C56E8300C68E6E /* system */ = {
			isa = PBXGroup;
			children = (
				3651765811C56E8300C68E6E /* al_Config.cpp */,
				3651765911C56E8300C68E6E /* al_MainLoop.cpp */,
				3651765A11C56E8300C68E6E /* al_MainLoopOSX.mm */,
				3651765B11C56E8300C68E6E /* al_Printing.cpp */,
				3651765C11C56E8300C68E6E /* al_Time.cpp */,
				3651765D11C56E8300C68E6E /* al_TimeAPR.cpp */,
				3651765E11C56E8300C68E6E /* Makefile.config */,
			);
			path = system;
			sourceTree = "<group>";
		};
		3651765F11C56E8300C68E6E /* types */ = {
			isa = PBXGroup;
			children = (
				3651766011C56E8300C68E6E /* al_Color.cpp */,
				3651766111C56E8300C68E6E /* al_msg.cpp */,
				3651766211C56E8300C68E6E /* al_quat.cpp */,
				3651766311C56E8300C68E6E /* al_socktube.c */,
				3651766411C56E8300C68E6E /* jack */,
				3651766711C56E8300C68E6E /* Makefile.config */,
				3651766811C56E8300C68E6E /* test */,
			);
			path = types;
			sourceTree = "<group>";
		};
		3651766411C56E8300C68E6E /* jack */ = {
			isa = PBXGroup;
			children = (
				3651766511C56E8300C68E6E /* config.h */,
				3651766611C56E8300C68E6E /* ringbuffer.c */,
			);
			path = jack;
			sourceTree = "<group>";
		};
		3651766811C56E8300C68E6E /* test */ = {
			isa = PBXGroup;
			children = (
				3651766911C56E8300C68E6E /* test.c */,
				3651766A11C56E8300C68E6E /* test.cpp */,
				3651766B11C56E8300C68E6E /* test_portaudio.c */,
			);
			path = test;
			sourceTree = "<group>";
		};
		3651769711C56E9D00C68E6E /* include */ = {
			isa = PBXGroup;
			children = (
				3651769811C56E9D00C68E6E /* graphics */,
				365176A511C56E9D00C68E6E /* io */,
				365176AA11C56E9D00C68E6E /* math */,
				365176B611C56E9D00C68E6E /* protocol */,
				365176CC11C56E9D00C68E6E /* sound */,
				365176CE11C56E9D00C68E6E /* system */,
				365176D711C56E9D00C68E6E /* types */,
			);
			name = include;
			path = ../../include;
			sourceTree = SOURCE_ROOT;
		};
		3651769811C56E9D00C68E6E /* graphics */ = {
			isa = PBXGroup;
			children = (
				3651769911C56E9D00C68E6E /* al_BufferObject.hpp */,
				3651769A11C56E9D00C68E6E /* al_Camera.hpp */,
				3651769B11C56E9D00C68E6E /* al_Common.hpp */,
				3651769C11C56E9D00C68E6E /* al_Config.h */,
				3651769D11C56E9D00C68E6E /* al_Debug.hpp */,
				3651769E11C56E9D00C68E6E /* al_GPUObject.hpp */,
				3651769F11C56E9D00C68E6E /* al_Light.hpp */,
				365176A011C56E9D00C68E6E /* al_Shader.hpp */,
				365176A111C56E9D00C68E6E /* al_Texture.hpp */,
				365176A211C56E9D00C68E6E /* OpenGLSupport.txt */,
				365176A311C56E9D00C68E6E /* pending */,
			);
			path = graphics;
			sourceTree = "<group>";
		};
		365176A311C56E9D00C68E6E /* pending */ = {
			isa = PBXGroup;
			children = (
				365176A411C56E9D00C68E6E /* al_FBO.hpp */,
			);
			path = pending;
			sourceTree = "<group>";
		};
		365176A511C56E9D00C68E6E /* io */ = {
			isa = PBXGroup;
			children = (
				365176A611C56E9D00C68E6E /* al_AudioIO.hpp */,
				365176A711C56E9D00C68E6E /* al_File.hpp */,
				365176A811C56E9D00C68E6E /* al_Socket.hpp */,
				365176A911C56E9D00C68E6E /* al_WindowGL.hpp */,
			);
			path = io;
			sourceTree = "<group>";
		};
		365176AA11C56E9D00C68E6E /* math */ = {
			isa = PBXGroup;
			children = (
				365176AB11C56E9D00C68E6E /* al_Complex.hpp */,
				365176AC11C56E9D00C68E6E /* al_Constants.hpp */,
				365176AD11C56E9D00C68E6E /* al_Frustum.hpp */,
				365176AE11C56E9D00C68E6E /* al_Functions.hpp */,
				365176AF11C56E9D00C68E6E /* al_Generators.hpp */,
				365176B011C56E9D00C68E6E /* al_Interpolation.hpp */,
				365176B111C56E9D00C68E6E /* al_Plane.hpp */,
				365176B211C56E9D00C68E6E /* al_Quat.h */,
				365176B311C56E9D00C68E6E /* al_Quat.hpp */,
				365176B411C56E9D00C68E6E /* al_Random.hpp */,
				365176B511C56E9D00C68E6E /* al_Vec.hpp */,
			);
			path = math;
			sourceTree = "<group>";
		};
		365176B611C56E9D00C68E6E /* protocol */ = {
			isa = PBXGroup;
			children = (
				365176B711C56E9D00C68E6E /* al_Graphics.hpp */,
				365176B811C56E9D00C68E6E /* al_OSC.hpp */,
				365176B911C56E9D00C68E6E /* al_OSCAPR.hpp */,
				365176BA11C56E9D00C68E6E /* al_Serialize.h */,
				365176BB11C56E9D00C68E6E /* al_Serialize.hpp */,
				365176BC11C56E9D00C68E6E /* oscpack */,
			);
			path = protocol;
			sourceTree = "<group>";
		};
		365176BC11C56E9D00C68E6E /* oscpack */ = {
			isa = PBXGroup;
			children = (
				365176BD11C56E9D00C68E6E /* ip */,
				365176C311C56E9D00C68E6E /* osc */,
			);
			path = oscpack;
			sourceTree = "<group>";
		};
		365176BD11C56E9D00C68E6E /* ip */ = {
			isa = PBXGroup;
			children = (
				365176BE11C56E9D00C68E6E /* IpEndpointName.h */,
				365176BF11C56E9D00C68E6E /* NetworkingUtils.h */,
				365176C011C56E9D00C68E6E /* PacketListener.h */,
				365176C111C56E9D00C68E6E /* TimerListener.h */,
				365176C211C56E9D00C68E6E /* UdpSocket.h */,
			);
			path = ip;
			sourceTree = "<group>";
		};
		365176C311C56E9D00C68E6E /* osc */ = {
			isa = PBXGroup;
			children = (
				365176C411C56E9D00C68E6E /* MessageMappingOscPacketListener.h */,
				365176C511C56E9D00C68E6E /* OscException.h */,
				365176C611C56E9D00C68E6E /* OscHostEndianness.h */,
				365176C711C56E9D00C68E6E /* OscOutboundPacketStream.h */,
				365176C811C56E9D00C68E6E /* OscPacketListener.h */,
				365176C911C56E9D00C68E6E /* OscPrintReceivedElements.h */,
				365176CA11C56E9D00C68E6E /* OscReceivedElements.h */,
				365176CB11C56E9D00C68E6E /* OscTypes.h */,
			);
			path = osc;
			sourceTree = "<group>";
		};
		365176CC11C56E9D00C68E6E /* sound */ = {
			isa = PBXGroup;
			children = (
				365176CD11C56E9D00C68E6E /* al_Ambisonics.h */,
			);
			path = sound;
			sourceTree = "<group>";
		};
		365176CE11C56E9D00C68E6E /* system */ = {
			isa = PBXGroup;
			children = (
				365176CF11C56E9D00C68E6E /* al_Config.h */,
				365176D011C56E9D00C68E6E /* al_MainLoop.h */,
				365176D111C56E9D00C68E6E /* al_Printing.hpp */,
				365176D211C56E9D00C68E6E /* al_Thread.h */,
				365176D311C56E9D00C68E6E /* al_Thread.hpp */,
				365176D411C56E9D00C68E6E /* al_Time.h */,
				365176D511C56E9D00C68E6E /* al_Time.hpp */,
				365176D611C56E9D00C68E6E /* pstdint.h */,
			);
			path = system;
			sourceTree = "<group>";
		};
		365176D711C56E9D00C68E6E /* types */ = {
			isa = PBXGroup;
			children = (
				365176D811C56E9D00C68E6E /* al_Buffer.hpp */,
				365176D911C56E9D00C68E6E /* al_Color.hpp */,
				365176DA11C56E9D00C68E6E /* al_Conversion.hpp */,
				365176DB11C56E9D00C68E6E /* al_MsgTube.hpp */,
				365176DC11C56E9D00C68E6E /* al_pq.h */,
				365176DD11C56E9D00C68E6E /* al_pq.hpp */,
				365176DE11C56E9D00C68E6E /* al_socktube.h */,
				365176DF11C56E9D00C68E6E /* al_tube.h */,
				365176E011C56E9D00C68E6E /* al_tube.hpp */,
				365176E111C56E9D00C68E6E /* al_types.h */,
				365176E211C56E9D00C68E6E /* al_types.hpp */,
				365176E311C56E9D00C68E6E /* al_VectorBuffer.hpp */,
				365176E411C56E9D00C68E6E /* jack */,
			);
			path = types;
			sourceTree = "<group>";
		};
		365176E411C56E9D00C68E6E /* jack */ = {
			isa = PBXGroup;
			children = (
				365176E511C56E9D00C68E6E /* ringbuffer.h */,
			);
			path = jack;
			sourceTree = "<group>";
		};
		3651778111C5734C00C68E6E /* libs */ = {
			isa = PBXGroup;
			children = (
				365176EE11C56F7D00C68E6E /* AudioToolbox.framework */,
				365176F011C56F7D00C68E6E /* AudioUnit.framework */,
				365176F211C56F7D00C68E6E /* Cocoa.framework */,
				365176F411C56F7D00C68E6E /* CoreAudio.framework */,
				365176F611C56F7D00C68E6E /* GLUT.framework */,
				365176F811C56F7D00C68E6E /* OpenGL.framework */,
			);
			name = libs;
			sourceTree = "<group>";
		};
		C6859E8C029090F304C91782 /* Documentation */ = {
			isa = PBXGroup;
			children = (
				C6859E8B029090EE04C91782 /* exAlloLua.1 */,
			);
			name = Documentation;
			sourceTree = "<group>";
		};
/* End PBXGroup section */

/* Begin PBXNativeTarget section */
		8DD76F620486A84900D96B5E /* exAlloLua */ = {
			isa = PBXNativeTarget;
			buildConfigurationList = 1DEB923108733DC60010E9CD /* Build configuration list for PBXNativeTarget "exAlloLua" */;
			buildPhases = (
				8DD76F640486A84900D96B5E /* Sources */,
				8DD76F660486A84900D96B5E /* Frameworks */,
				8DD76F690486A84900D96B5E /* CopyFiles */,
			);
			buildRules = (
			);
			dependencies = (
			);
			name = exAlloLua;
			productInstallPath = "$(HOME)/bin";
			productName = exAlloLua;
			productReference = 8DD76F6C0486A84900D96B5E /* exAlloLua */;
			productType = "com.apple.product-type.tool";
		};
/* End PBXNativeTarget section */

/* Begin PBXProject section */
		08FB7793FE84155DC02AAC07 /* Project object */ = {
			isa = PBXProject;
			buildConfigurationList = 1DEB923508733DC60010E9CD /* Build configuration list for PBXProject "exAlloLua" */;
			compatibilityVersion = "Xcode 3.1";
			hasScannedForEncodings = 1;
			mainGroup = 08FB7794FE84155DC02AAC07 /* exAlloLua */;
			projectDirPath = "";
			projectRoot = "";
			targets = (
				8DD76F620486A84900D96B5E /* exAlloLua */,
			);
		};
/* End PBXProject section */

/* Begin PBXSourcesBuildPhase section */
		8DD76F640486A84900D96B5E /* Sources */ = {
			isa = PBXSourcesBuildPhase;
			buildActionMask = 2147483647;
			files = (
				8DD76F650486A84900D96B5E /* main.cpp in Sources */,
				3651766C11C56E8300C68E6E /* al_Camera.cpp in Sources */,
				3651766D11C56E8300C68E6E /* al_Debug.cpp in Sources */,
				3651766E11C56E8300C68E6E /* al_Light.cpp in Sources */,
				3651766F11C56E8300C68E6E /* al_Shader.cpp in Sources */,
				3651767011C56E8300C68E6E /* al_Texture.cpp in Sources */,
				3651767211C56E8300C68E6E /* al_AudioIO.cpp in Sources */,
				3651767311C56E8300C68E6E /* al_File.cpp in Sources */,
				3651767411C56E8300C68E6E /* al_SocketAPR.cpp in Sources */,
				3651767511C56E8300C68E6E /* al_WindowGL.cpp in Sources */,
				3651767611C56E8300C68E6E /* al_WindowGLUT.cpp in Sources */,
				3651767711C56E8300C68E6E /* al_Graphics.cpp in Sources */,
				3651767811C56E8300C68E6E /* al_GraphicsOpenGL.cpp in Sources */,
				3651767911C56E8300C68E6E /* al_GraphicsOpenGLES1.cpp in Sources */,
				3651767A11C56E8300C68E6E /* al_GraphicsOpenGLES2.cpp in Sources */,
				3651767B11C56E8300C68E6E /* al_OSC.cpp in Sources */,
				3651767C11C56E8300C68E6E /* al_OSCAPR.cpp in Sources */,
				3651767D11C56E8300C68E6E /* al_Serialize.cpp in Sources */,
				3651767E11C56E8300C68E6E /* IpEndpointName.cpp in Sources */,
				3651767F11C56E8300C68E6E /* OscOutboundPacketStream.cpp in Sources */,
				3651768011C56E8300C68E6E /* OscPrintReceivedElements.cpp in Sources */,
				3651768111C56E8300C68E6E /* OscReceivedElements.cpp in Sources */,
				3651768211C56E8300C68E6E /* OscTypes.cpp in Sources */,
				3651768311C56E8300C68E6E /* NetworkingUtils.cpp in Sources */,
				3651768411C56E8300C68E6E /* UdpSocket.cpp in Sources */,
				3651768711C56E8300C68E6E /* al_Config.cpp in Sources */,
				3651768811C56E8300C68E6E /* al_MainLoop.cpp in Sources */,
				3651768911C56E8300C68E6E /* al_MainLoopOSX.mm in Sources */,
				3651768A11C56E8300C68E6E /* al_Printing.cpp in Sources */,
				3651768C11C56E8300C68E6E /* al_TimeAPR.cpp in Sources */,
				3651768D11C56E8300C68E6E /* al_Color.cpp in Sources */,
				3651768E11C56E8300C68E6E /* al_msg.cpp in Sources */,
				3651768F11C56E8300C68E6E /* al_quat.cpp in Sources */,
				3651769011C56E8300C68E6E /* al_socktube.c in Sources */,
				3651769111C56E8300C68E6E /* ringbuffer.c in Sources */,
			);
			runOnlyForDeploymentPostprocessing = 0;
		};
/* End PBXSourcesBuildPhase section */

/* Begin XCBuildConfiguration section */
		1DEB923208733DC60010E9CD /* Debug */ = {
			isa = XCBuildConfiguration;
			buildSettings = {
				ALWAYS_SEARCH_USER_PATHS = NO;
				COPY_PHASE_STRIP = NO;
				GCC_DYNAMIC_NO_PIC = NO;
				GCC_ENABLE_FIX_AND_CONTINUE = YES;
				GCC_MODEL_TUNING = G5;
				GCC_OPTIMIZATION_LEVEL = 0;
				INSTALL_PATH = /usr/local/bin;
				LIBRARY_SEARCH_PATHS = $inherited;
				PRODUCT_NAME = exAlloLua;
			};
			name = Debug;
		};
		1DEB923308733DC60010E9CD /* Release */ = {
			isa = XCBuildConfiguration;
			buildSettings = {
				ALWAYS_SEARCH_USER_PATHS = NO;
				DEBUG_INFORMATION_FORMAT = "dwarf-with-dsym";
				GCC_MODEL_TUNING = G5;
				INSTALL_PATH = /usr/local/bin;
				LIBRARY_SEARCH_PATHS = $inherited;
				PRODUCT_NAME = exAlloLua;
			};
			name = Release;
		};
		1DEB923608733DC60010E9CD /* Debug */ = {
			isa = XCBuildConfiguration;
			buildSettings = {
				ARCHS = "$(ARCHS_STANDARD_32_BIT)";
				GCC_C_LANGUAGE_STANDARD = gnu99;
				GCC_OPTIMIZATION_LEVEL = 0;
				GCC_WARN_ABOUT_RETURN_TYPE = YES;
				GCC_WARN_UNUSED_VARIABLE = YES;
				LIBRARY_SEARCH_PATHS = "\"$(SRCROOT)/../../dev/osx/lib\"";
				ONLY_ACTIVE_ARCH = YES;
				PREBINDING = NO;
				SDKROOT = macosx10.5;
				SYMROOT = ../../build;
				USER_HEADER_SEARCH_PATHS = "\"$(SRCROOT)/../../include\"";
			};
			name = Debug;
		};
		1DEB923708733DC60010E9CD /* Release */ = {
			isa = XCBuildConfiguration;
			buildSettings = {
				ARCHS = "$(ARCHS_STANDARD_32_BIT)";
				GCC_C_LANGUAGE_STANDARD = gnu99;
				GCC_WARN_ABOUT_RETURN_TYPE = YES;
				GCC_WARN_UNUSED_VARIABLE = YES;
				LIBRARY_SEARCH_PATHS = "\"$(SRCROOT)/../../dev/osx/lib\"";
				PREBINDING = NO;
				SDKROOT = macosx10.5;
				SYMROOT = ../../build;
				USER_HEADER_SEARCH_PATHS = "\"$(SRCROOT)/../../include\"";
			};
			name = Release;
		};
/* End XCBuildConfiguration section */

/* Begin XCConfigurationList section */
		1DEB923108733DC60010E9CD /* Build configuration list for PBXNativeTarget "exAlloLua" */ = {
			isa = XCConfigurationList;
			buildConfigurations = (
				1DEB923208733DC60010E9CD /* Debug */,
				1DEB923308733DC60010E9CD /* Release */,
			);
			defaultConfigurationIsVisible = 0;
			defaultConfigurationName = Release;
		};
		1DEB923508733DC60010E9CD /* Build configuration list for PBXProject "exAlloLua" */ = {
			isa = XCConfigurationList;
			buildConfigurations = (
				1DEB923608733DC60010E9CD /* Debug */,
				1DEB923708733DC60010E9CD /* Release */,
			);
			defaultConfigurationIsVisible = 0;
			defaultConfigurationName = Release;
		};
/* End XCConfigurationList section */
	};
	rootObject = 08FB7793FE84155DC02AAC07 /* Project object */;
}
